// !$*UTF8*$!
{
	archiveVersion = 1;
	classes = {
	};
	objectVersion = 55;
	objects = {

/* Begin PBXBuildFile section */
		3B0B510F271F33D300810BCB /* DoItNow.xcdatamodeld in Sources */ = {isa = PBXBuildFile; fileRef = 3B0B510D271F33D300810BCB /* DoItNow.xcdatamodeld */; };
		3B341273271C5BA800971EFD /* MainView.swift in Sources */ = {isa = PBXBuildFile; fileRef = 3B341272271C5BA800971EFD /* MainView.swift */; };
		3B341275271C5D4900971EFD /* SwipeRow.swift in Sources */ = {isa = PBXBuildFile; fileRef = 3B341274271C5D4900971EFD /* SwipeRow.swift */; };
		3B341279271C716D00971EFD /* MOMainView.swift in Sources */ = {isa = PBXBuildFile; fileRef = 3B341278271C716D00971EFD /* MOMainView.swift */; };
		3B34127B271C717900971EFD /* MOTaskList.swift in Sources */ = {isa = PBXBuildFile; fileRef = 3B34127A271C717900971EFD /* MOTaskList.swift */; };
		3B34127D271C718200971EFD /* MOAddView.swift in Sources */ = {isa = PBXBuildFile; fileRef = 3B34127C271C718200971EFD /* MOAddView.swift */; };
		3B341280271C719800971EFD /* MOSwipeRow.swift in Sources */ = {isa = PBXBuildFile; fileRef = 3B34127F271C719800971EFD /* MOSwipeRow.swift */; };
		3B341282271C71AA00971EFD /* MOItemRow.swift in Sources */ = {isa = PBXBuildFile; fileRef = 3B341281271C71AA00971EFD /* MOItemRow.swift */; };
		3B341284271C71B100971EFD /* MOFinishButton.swift in Sources */ = {isa = PBXBuildFile; fileRef = 3B341283271C71B100971EFD /* MOFinishButton.swift */; };
		3B34128B271F577E00971EFD /* Persistence.swift in Sources */ = {isa = PBXBuildFile; fileRef = 3B34128A271F577E00971EFD /* Persistence.swift */; };
		3BAEC649271472FC004DA2CC /* Do_It_NowApp.swift in Sources */ = {isa = PBXBuildFile; fileRef = 3BAEC648271472FC004DA2CC /* Do_It_NowApp.swift */; };
		3BAEC64D271472FE004DA2CC /* Assets.xcassets in Resources */ = {isa = PBXBuildFile; fileRef = 3BAEC64C271472FE004DA2CC /* Assets.xcassets */; };
		3BAEC650271472FE004DA2CC /* Preview Assets.xcassets in Resources */ = {isa = PBXBuildFile; fileRef = 3BAEC64F271472FE004DA2CC /* Preview Assets.xcassets */; };
		3BAEC65A271473C5004DA2CC /* FileInfo.swift in Sources */ = {isa = PBXBuildFile; fileRef = 3BAEC659271473C5004DA2CC /* FileInfo.swift */; };
		3BAEC65C271473CB004DA2CC /* TaskManager.swift in Sources */ = {isa = PBXBuildFile; fileRef = 3BAEC65B271473CB004DA2CC /* TaskManager.swift */; };
		3BAEC65E271473D9004DA2CC /* StorageManager.swift in Sources */ = {isa = PBXBuildFile; fileRef = 3BAEC65D271473D9004DA2CC /* StorageManager.swift */; };
		3BAEC660271473F9004DA2CC /* Item.swift in Sources */ = {isa = PBXBuildFile; fileRef = 3BAEC65F271473F9004DA2CC /* Item.swift */; };
		3BAEC662271478EE004DA2CC /* TaskList.swift in Sources */ = {isa = PBXBuildFile; fileRef = 3BAEC661271478EE004DA2CC /* TaskList.swift */; };
		3BAEC664271479E0004DA2CC /* ItemRow.swift in Sources */ = {isa = PBXBuildFile; fileRef = 3BAEC663271479E0004DA2CC /* ItemRow.swift */; };
		3BAEC6662714AA31004DA2CC /* FinishButton.swift in Sources */ = {isa = PBXBuildFile; fileRef = 3BAEC6652714AA31004DA2CC /* FinishButton.swift */; };
		3BC528FB2717108F00BB26E2 /* AddView.swift in Sources */ = {isa = PBXBuildFile; fileRef = 3BC528FA2717108F00BB26E2 /* AddView.swift */; };
/* End PBXBuildFile section */

/* Begin PBXFileReference section */
		3B0B510E271F33D300810BCB /* DoItNow.xcdatamodel */ = {isa = PBXFileReference; lastKnownFileType = wrapper.xcdatamodel; path = DoItNow.xcdatamodel; sourceTree = "<group>"; };
		3B341272271C5BA800971EFD /* MainView.swift */ = {isa = PBXFileReference; lastKnownFileType = sourcecode.swift; path = MainView.swift; sourceTree = "<group>"; };
		3B341274271C5D4900971EFD /* SwipeRow.swift */ = {isa = PBXFileReference; lastKnownFileType = sourcecode.swift; path = SwipeRow.swift; sourceTree = "<group>"; };
		3B341278271C716D00971EFD /* MOMainView.swift */ = {isa = PBXFileReference; lastKnownFileType = sourcecode.swift; path = MOMainView.swift; sourceTree = "<group>"; };
		3B34127A271C717900971EFD /* MOTaskList.swift */ = {isa = PBXFileReference; lastKnownFileType = sourcecode.swift; path = MOTaskList.swift; sourceTree = "<group>"; };
		3B34127C271C718200971EFD /* MOAddView.swift */ = {isa = PBXFileReference; lastKnownFileType = sourcecode.swift; path = MOAddView.swift; sourceTree = "<group>"; };
		3B34127F271C719800971EFD /* MOSwipeRow.swift */ = {isa = PBXFileReference; lastKnownFileType = sourcecode.swift; path = MOSwipeRow.swift; sourceTree = "<group>"; };
		3B341281271C71AA00971EFD /* MOItemRow.swift */ = {isa = PBXFileReference; lastKnownFileType = sourcecode.swift; path = MOItemRow.swift; sourceTree = "<group>"; };
		3B341283271C71B100971EFD /* MOFinishButton.swift */ = {isa = PBXFileReference; lastKnownFileType = sourcecode.swift; path = MOFinishButton.swift; sourceTree = "<group>"; };
		3B34128A271F577E00971EFD /* Persistence.swift */ = {isa = PBXFileReference; fileEncoding = 4; lastKnownFileType = sourcecode.swift; path = Persistence.swift; sourceTree = "<group>"; };
		3BAEC645271472FC004DA2CC /* Do It Now.app */ = {isa = PBXFileReference; explicitFileType = wrapper.application; includeInIndex = 0; path = "Do It Now.app"; sourceTree = BUILT_PRODUCTS_DIR; };
		3BAEC648271472FC004DA2CC /* Do_It_NowApp.swift */ = {isa = PBXFileReference; lastKnownFileType = sourcecode.swift; path = Do_It_NowApp.swift; sourceTree = "<group>"; };
		3BAEC64C271472FE004DA2CC /* Assets.xcassets */ = {isa = PBXFileReference; lastKnownFileType = folder.assetcatalog; path = Assets.xcassets; sourceTree = "<group>"; };
		3BAEC64F271472FE004DA2CC /* Preview Assets.xcassets */ = {isa = PBXFileReference; lastKnownFileType = folder.assetcatalog; path = "Preview Assets.xcassets"; sourceTree = "<group>"; };
		3BAEC659271473C5004DA2CC /* FileInfo.swift */ = {isa = PBXFileReference; fileEncoding = 4; lastKnownFileType = sourcecode.swift; path = FileInfo.swift; sourceTree = "<group>"; };
		3BAEC65B271473CB004DA2CC /* TaskManager.swift */ = {isa = PBXFileReference; fileEncoding = 4; lastKnownFileType = sourcecode.swift; path = TaskManager.swift; sourceTree = "<group>"; };
		3BAEC65D271473D9004DA2CC /* StorageManager.swift */ = {isa = PBXFileReference; fileEncoding = 4; lastKnownFileType = sourcecode.swift; path = StorageManager.swift; sourceTree = "<group>"; };
		3BAEC65F271473F9004DA2CC /* Item.swift */ = {isa = PBXFileReference; lastKnownFileType = sourcecode.swift; path = Item.swift; sourceTree = "<group>"; };
		3BAEC661271478EE004DA2CC /* TaskList.swift */ = {isa = PBXFileReference; lastKnownFileType = sourcecode.swift; path = TaskList.swift; sourceTree = "<group>"; };
		3BAEC663271479E0004DA2CC /* ItemRow.swift */ = {isa = PBXFileReference; lastKnownFileType = sourcecode.swift; path = ItemRow.swift; sourceTree = "<group>"; };
		3BAEC6652714AA31004DA2CC /* FinishButton.swift */ = {isa = PBXFileReference; lastKnownFileType = sourcecode.swift; path = FinishButton.swift; sourceTree = "<group>"; };
		3BC528FA2717108F00BB26E2 /* AddView.swift */ = {isa = PBXFileReference; lastKnownFileType = sourcecode.swift; path = AddView.swift; sourceTree = "<group>"; };
/* End PBXFileReference section */

/* Begin PBXFrameworksBuildPhase section */
		3BAEC642271472FC004DA2CC /* Frameworks */ = {
			isa = PBXFrameworksBuildPhase;
			buildActionMask = 2147483647;
			files = (
			);
			runOnlyForDeploymentPostprocessing = 0;
		};
/* End PBXFrameworksBuildPhase section */

/* Begin PBXGroup section */
		3B341276271C5E5500971EFD /* Rows */ = {
			isa = PBXGroup;
			children = (
				3B341274271C5D4900971EFD /* SwipeRow.swift */,
				3BAEC663271479E0004DA2CC /* ItemRow.swift */,
				3BAEC6652714AA31004DA2CC /* FinishButton.swift */,
			);
			path = Rows;
			sourceTree = "<group>";
		};
		3B341277271C712200971EFD /* Core Data Views */ = {
			isa = PBXGroup;
			children = (
				3B341278271C716D00971EFD /* MOMainView.swift */,
				3B34127A271C717900971EFD /* MOTaskList.swift */,
				3B34127C271C718200971EFD /* MOAddView.swift */,
				3B34127E271C718B00971EFD /* Rows */,
			);
			path = "Core Data Views";
			sourceTree = "<group>";
		};
		3B34127E271C718B00971EFD /* Rows */ = {
			isa = PBXGroup;
			children = (
				3B34127F271C719800971EFD /* MOSwipeRow.swift */,
				3B341281271C71AA00971EFD /* MOItemRow.swift */,
				3B341283271C71B100971EFD /* MOFinishButton.swift */,
			);
			path = Rows;
			sourceTree = "<group>";
		};
		3B34128C271F578400971EFD /* Core Data */ = {
			isa = PBXGroup;
			children = (
				3B0B510D271F33D300810BCB /* DoItNow.xcdatamodeld */,
				3B34128A271F577E00971EFD /* Persistence.swift */,
			);
			path = "Core Data";
			sourceTree = "<group>";
		};
		3BAEC63C271472FC004DA2CC = {
			isa = PBXGroup;
			children = (
				3BAEC647271472FC004DA2CC /* Do It Now */,
				3BAEC646271472FC004DA2CC /* Products */,
			);
			sourceTree = "<group>";
		};
		3BAEC646271472FC004DA2CC /* Products */ = {
			isa = PBXGroup;
			children = (
				3BAEC645271472FC004DA2CC /* Do It Now.app */,
			);
			name = Products;
			sourceTree = "<group>";
		};
		3BAEC647271472FC004DA2CC /* Do It Now */ = {
			isa = PBXGroup;
			children = (
				3BAEC658271473BA004DA2CC /* Models */,
				3BAEC657271473B0004DA2CC /* ViewModels */,
				3BAEC656271473A7004DA2CC /* Views */,
				3B341277271C712200971EFD /* Core Data Views */,
				3BAEC648271472FC004DA2CC /* Do_It_NowApp.swift */,
				3BAEC64C271472FE004DA2CC /* Assets.xcassets */,
				3BAEC64E271472FE004DA2CC /* Preview Content */,
			);
			path = "Do It Now";
			sourceTree = "<group>";
		};
		3BAEC64E271472FE004DA2CC /* Preview Content */ = {
			isa = PBXGroup;
			children = (
				3BAEC64F271472FE004DA2CC /* Preview Assets.xcassets */,
			);
			path = "Preview Content";
			sourceTree = "<group>";
		};
		3BAEC656271473A7004DA2CC /* Views */ = {
			isa = PBXGroup;
			children = (
				3BAEC661271478EE004DA2CC /* TaskList.swift */,
				3B341272271C5BA800971EFD /* MainView.swift */,
				3BC528FA2717108F00BB26E2 /* AddView.swift */,
				3B341276271C5E5500971EFD /* Rows */,
			);
			path = Views;
			sourceTree = "<group>";
		};
		3BAEC657271473B0004DA2CC /* ViewModels */ = {
			isa = PBXGroup;
			children = (
				3BAEC65B271473CB004DA2CC /* TaskManager.swift */,
			);
			path = ViewModels;
			sourceTree = "<group>";
		};
		3BAEC658271473BA004DA2CC /* Models */ = {
			isa = PBXGroup;
			children = (
				3B34128C271F578400971EFD /* Core Data */,
				3BAEC65D271473D9004DA2CC /* StorageManager.swift */,
				3BAEC659271473C5004DA2CC /* FileInfo.swift */,
				3BAEC65F271473F9004DA2CC /* Item.swift */,
			);
			path = Models;
			sourceTree = "<group>";
		};
/* End PBXGroup section */

/* Begin PBXNativeTarget section */
		3BAEC644271472FC004DA2CC /* Do It Now */ = {
			isa = PBXNativeTarget;
			buildConfigurationList = 3BAEC653271472FE004DA2CC /* Build configuration list for PBXNativeTarget "Do It Now" */;
			buildPhases = (
				3BAEC641271472FC004DA2CC /* Sources */,
				3BAEC642271472FC004DA2CC /* Frameworks */,
				3BAEC643271472FC004DA2CC /* Resources */,
			);
			buildRules = (
			);
			dependencies = (
			);
			name = "Do It Now";
			productName = "Do It Now";
			productReference = 3BAEC645271472FC004DA2CC /* Do It Now.app */;
			productType = "com.apple.product-type.application";
		};
/* End PBXNativeTarget section */

/* Begin PBXProject section */
		3BAEC63D271472FC004DA2CC /* Project object */ = {
			isa = PBXProject;
			attributes = {
				BuildIndependentTargetsInParallel = 1;
				LastSwiftUpdateCheck = 1300;
				LastUpgradeCheck = 1300;
				TargetAttributes = {
					3BAEC644271472FC004DA2CC = {
						CreatedOnToolsVersion = 13.0;
					};
				};
			};
			buildConfigurationList = 3BAEC640271472FC004DA2CC /* Build configuration list for PBXProject "Do It Now" */;
			compatibilityVersion = "Xcode 13.0";
			developmentRegion = en;
			hasScannedForEncodings = 0;
			knownRegions = (
				en,
				Base,
			);
			mainGroup = 3BAEC63C271472FC004DA2CC;
			productRefGroup = 3BAEC646271472FC004DA2CC /* Products */;
			projectDirPath = "";
			projectRoot = "";
			targets = (
				3BAEC644271472FC004DA2CC /* Do It Now */,
			);
		};
/* End PBXProject section */

/* Begin PBXResourcesBuildPhase section */
		3BAEC643271472FC004DA2CC /* Resources */ = {
			isa = PBXResourcesBuildPhase;
			buildActionMask = 2147483647;
			files = (
				3BAEC650271472FE004DA2CC /* Preview Assets.xcassets in Resources */,
				3BAEC64D271472FE004DA2CC /* Assets.xcassets in Resources */,
			);
			runOnlyForDeploymentPostprocessing = 0;
		};
/* End PBXResourcesBuildPhase section */

/* Begin PBXSourcesBuildPhase section */
		3BAEC641271472FC004DA2CC /* Sources */ = {
			isa = PBXSourcesBuildPhase;
			buildActionMask = 2147483647;
			files = (
				3B0B510F271F33D300810BCB /* DoItNow.xcdatamodeld in Sources */,
				3BAEC662271478EE004DA2CC /* TaskList.swift in Sources */,
				3B34127B271C717900971EFD /* MOTaskList.swift in Sources */,
				3B341275271C5D4900971EFD /* SwipeRow.swift in Sources */,
				3BAEC65A271473C5004DA2CC /* FileInfo.swift in Sources */,
				3B341284271C71B100971EFD /* MOFinishButton.swift in Sources */,
				3BC528FB2717108F00BB26E2 /* AddView.swift in Sources */,
				3B341273271C5BA800971EFD /* MainView.swift in Sources */,
				3B34128B271F577E00971EFD /* Persistence.swift in Sources */,
				3BAEC6662714AA31004DA2CC /* FinishButton.swift in Sources */,
				3BAEC65C271473CB004DA2CC /* TaskManager.swift in Sources */,
				3B34127D271C718200971EFD /* MOAddView.swift in Sources */,
				3B341280271C719800971EFD /* MOSwipeRow.swift in Sources */,
				3BAEC664271479E0004DA2CC /* ItemRow.swift in Sources */,
				3BAEC65E271473D9004DA2CC /* StorageManager.swift in Sources */,
				3BAEC660271473F9004DA2CC /* Item.swift in Sources */,
				3B341282271C71AA00971EFD /* MOItemRow.swift in Sources */,
				3BAEC649271472FC004DA2CC /* Do_It_NowApp.swift in Sources */,
				3B341279271C716D00971EFD /* MOMainView.swift in Sources */,
			);
			runOnlyForDeploymentPostprocessing = 0;
		};
/* End PBXSourcesBuildPhase section */

/* Begin XCBuildConfiguration section */
		3BAEC651271472FE004DA2CC /* Debug */ = {
			isa = XCBuildConfiguration;
			buildSettings = {
				ALWAYS_SEARCH_USER_PATHS = NO;
				CLANG_ANALYZER_NONNULL = YES;
				CLANG_ANALYZER_NUMBER_OBJECT_CONVERSION = YES_AGGRESSIVE;
				CLANG_CXX_LANGUAGE_STANDARD = "gnu++17";
				CLANG_CXX_LIBRARY = "libc++";
				CLANG_ENABLE_MODULES = YES;
				CLANG_ENABLE_OBJC_ARC = YES;
				CLANG_ENABLE_OBJC_WEAK = YES;
				CLANG_WARN_BLOCK_CAPTURE_AUTORELEASING = YES;
				CLANG_WARN_BOOL_CONVERSION = YES;
				CLANG_WARN_COMMA = YES;
				CLANG_WARN_CONSTANT_CONVERSION = YES;
				CLANG_WARN_DEPRECATED_OBJC_IMPLEMENTATIONS = YES;
				CLANG_WARN_DIRECT_OBJC_ISA_USAGE = YES_ERROR;
				CLANG_WARN_DOCUMENTATION_COMMENTS = YES;
				CLANG_WARN_EMPTY_BODY = YES;
				CLANG_WARN_ENUM_CONVERSION = YES;
				CLANG_WARN_INFINITE_RECURSION = YES;
				CLANG_WARN_INT_CONVERSION = YES;
				CLANG_WARN_NON_LITERAL_NULL_CONVERSION = YES;
				CLANG_WARN_OBJC_IMPLICIT_RETAIN_SELF = YES;
				CLANG_WARN_OBJC_LITERAL_CONVERSION = YES;
				CLANG_WARN_OBJC_ROOT_CLASS = YES_ERROR;
				CLANG_WARN_QUOTED_INCLUDE_IN_FRAMEWORK_HEADER = YES;
				CLANG_WARN_RANGE_LOOP_ANALYSIS = YES;
				CLANG_WARN_STRICT_PROTOTYPES = YES;
				CLANG_WARN_SUSPICIOUS_MOVE = YES;
				CLANG_WARN_UNGUARDED_AVAILABILITY = YES_AGGRESSIVE;
				CLANG_WARN_UNREACHABLE_CODE = YES;
				CLANG_WARN__DUPLICATE_METHOD_MATCH = YES;
				COPY_PHASE_STRIP = NO;
				DEBUG_INFORMATION_FORMAT = dwarf;
				ENABLE_STRICT_OBJC_MSGSEND = YES;
				ENABLE_TESTABILITY = YES;
				GCC_C_LANGUAGE_STANDARD = gnu11;
				GCC_DYNAMIC_NO_PIC = NO;
				GCC_NO_COMMON_BLOCKS = YES;
				GCC_OPTIMIZATION_LEVEL = 0;
				GCC_PREPROCESSOR_DEFINITIONS = (
					"DEBUG=1",
					"$(inherited)",
				);
				GCC_WARN_64_TO_32_BIT_CONVERSION = YES;
				GCC_WARN_ABOUT_RETURN_TYPE = YES_ERROR;
				GCC_WARN_UNDECLARED_SELECTOR = YES;
				GCC_WARN_UNINITIALIZED_AUTOS = YES_AGGRESSIVE;
				GCC_WARN_UNUSED_FUNCTION = YES;
				GCC_WARN_UNUSED_VARIABLE = YES;
				IPHONEOS_DEPLOYMENT_TARGET = 15.0;
				MTL_ENABLE_DEBUG_INFO = INCLUDE_SOURCE;
				MTL_FAST_MATH = YES;
				ONLY_ACTIVE_ARCH = YES;
				SDKROOT = iphoneos;
				SWIFT_ACTIVE_COMPILATION_CONDITIONS = DEBUG;
				SWIFT_OPTIMIZATION_LEVEL = "-Onone";
			};
			name = Debug;
		};
		3BAEC652271472FE004DA2CC /* Release */ = {
			isa = XCBuildConfiguration;
			buildSettings = {
				ALWAYS_SEARCH_USER_PATHS = NO;
				CLANG_ANALYZER_NONNULL = YES;
				CLANG_ANALYZER_NUMBER_OBJECT_CONVERSION = YES_AGGRESSIVE;
				CLANG_CXX_LANGUAGE_STANDARD = "gnu++17";
				CLANG_CXX_LIBRARY = "libc++";
				CLANG_ENABLE_MODULES = YES;
				CLANG_ENABLE_OBJC_ARC = YES;
				CLANG_ENABLE_OBJC_WEAK = YES;
				CLANG_WARN_BLOCK_CAPTURE_AUTORELEASING = YES;
				CLANG_WARN_BOOL_CONVERSION = YES;
				CLANG_WARN_COMMA = YES;
				CLANG_WARN_CONSTANT_CONVERSION = YES;
				CLANG_WARN_DEPRECATED_OBJC_IMPLEMENTATIONS = YES;
				CLANG_WARN_DIRECT_OBJC_ISA_USAGE = YES_ERROR;
				CLANG_WARN_DOCUMENTATION_COMMENTS = YES;
				CLANG_WARN_EMPTY_BODY = YES;
				CLANG_WARN_ENUM_CONVERSION = YES;
				CLANG_WARN_INFINITE_RECURSION = YES;
				CLANG_WARN_INT_CONVERSION = YES;
				CLANG_WARN_NON_LITERAL_NULL_CONVERSION = YES;
				CLANG_WARN_OBJC_IMPLICIT_RETAIN_SELF = YES;
				CLANG_WARN_OBJC_LITERAL_CONVERSION = YES;
				CLANG_WARN_OBJC_ROOT_CLASS = YES_ERROR;
				CLANG_WARN_QUOTED_INCLUDE_IN_FRAMEWORK_HEADER = YES;
				CLANG_WARN_RANGE_LOOP_ANALYSIS = YES;
				CLANG_WARN_STRICT_PROTOTYPES = YES;
				CLANG_WARN_SUSPICIOUS_MOVE = YES;
				CLANG_WARN_UNGUARDED_AVAILABILITY = YES_AGGRESSIVE;
				CLANG_WARN_UNREACHABLE_CODE = YES;
				CLANG_WARN__DUPLICATE_METHOD_MATCH = YES;
				COPY_PHASE_STRIP = NO;
				DEBUG_INFORMATION_FORMAT = "dwarf-with-dsym";
				ENABLE_NS_ASSERTIONS = NO;
				ENABLE_STRICT_OBJC_MSGSEND = YES;
				GCC_C_LANGUAGE_STANDARD = gnu11;
				GCC_NO_COMMON_BLOCKS = YES;
				GCC_WARN_64_TO_32_BIT_CONVERSION = YES;
				GCC_WARN_ABOUT_RETURN_TYPE = YES_ERROR;
				GCC_WARN_UNDECLARED_SELECTOR = YES;
				GCC_WARN_UNINITIALIZED_AUTOS = YES_AGGRESSIVE;
				GCC_WARN_UNUSED_FUNCTION = YES;
				GCC_WARN_UNUSED_VARIABLE = YES;
				IPHONEOS_DEPLOYMENT_TARGET = 15.0;
				MTL_ENABLE_DEBUG_INFO = NO;
				MTL_FAST_MATH = YES;
				SDKROOT = iphoneos;
				SWIFT_COMPILATION_MODE = wholemodule;
				SWIFT_OPTIMIZATION_LEVEL = "-O";
				VALIDATE_PRODUCT = YES;
			};
			name = Release;
		};
		3BAEC654271472FE004DA2CC /* Debug */ = {
			isa = XCBuildConfiguration;
			buildSettings = {
				ASSETCATALOG_COMPILER_APPICON_NAME = AppIcon;
				ASSETCATALOG_COMPILER_GLOBAL_ACCENT_COLOR_NAME = AccentColor;
				CODE_SIGN_STYLE = Automatic;
				CURRENT_PROJECT_VERSION = 1;
				DEVELOPMENT_ASSET_PATHS = "\"Do It Now/Preview Content\"";
				DEVELOPMENT_TEAM = 9QQAQWEZF8;
				ENABLE_PREVIEWS = YES;
				GENERATE_INFOPLIST_FILE = YES;
				INFOPLIST_KEY_UIApplicationSceneManifest_Generation = YES;
				INFOPLIST_KEY_UIApplicationSupportsIndirectInputEvents = YES;
				INFOPLIST_KEY_UILaunchScreen_Generation = YES;
				INFOPLIST_KEY_UISupportedInterfaceOrientations_iPad = "UIInterfaceOrientationPortrait UIInterfaceOrientationPortraitUpsideDown UIInterfaceOrientationLandscapeLeft UIInterfaceOrientationLandscapeRight";
				INFOPLIST_KEY_UISupportedInterfaceOrientations_iPhone = "UIInterfaceOrientationPortrait UIInterfaceOrientationLandscapeLeft UIInterfaceOrientationLandscapeRight";
				IPHONEOS_DEPLOYMENT_TARGET = 15.0;
				LD_RUNPATH_SEARCH_PATHS = (
					"$(inherited)",
					"@executable_path/Frameworks",
				);
				MARKETING_VERSION = 1.0;
				PRODUCT_BUNDLE_IDENTIFIER = "edu.psu.jjh9.Do-It-Now";
				PRODUCT_NAME = "$(TARGET_NAME)";
				SWIFT_EMIT_LOC_STRINGS = YES;
				SWIFT_VERSION = 5.0;
				TARGETED_DEVICE_FAMILY = "1,2";
			};
			name = Debug;
		};
		3BAEC655271472FE004DA2CC /* Release */ = {
			isa = XCBuildConfiguration;
			buildSettings = {
				ASSETCATALOG_COMPILER_APPICON_NAME = AppIcon;
				ASSETCATALOG_COMPILER_GLOBAL_ACCENT_COLOR_NAME = AccentColor;
				CODE_SIGN_STYLE = Automatic;
				CURRENT_PROJECT_VERSION = 1;
				DEVELOPMENT_ASSET_PATHS = "\"Do It Now/Preview Content\"";
				DEVELOPMENT_TEAM = 9QQAQWEZF8;
				ENABLE_PREVIEWS = YES;
				GENERATE_INFOPLIST_FILE = YES;
				INFOPLIST_KEY_UIApplicationSceneManifest_Generation = YES;
				INFOPLIST_KEY_UIApplicationSupportsIndirectInputEvents = YES;
				INFOPLIST_KEY_UILaunchScreen_Generation = YES;
				INFOPLIST_KEY_UISupportedInterfaceOrientations_iPad = "UIInterfaceOrientationPortrait UIInterfaceOrientationPortraitUpsideDown UIInterfaceOrientationLandscapeLeft UIInterfaceOrientationLandscapeRight";
				INFOPLIST_KEY_UISupportedInterfaceOrientations_iPhone = "UIInterfaceOrientationPortrait UIInterfaceOrientationLandscapeLeft UIInterfaceOrientationLandscapeRight";
				IPHONEOS_DEPLOYMENT_TARGET = 15.0;
				LD_RUNPATH_SEARCH_PATHS = (
					"$(inherited)",
					"@executable_path/Frameworks",
				);
				MARKETING_VERSION = 1.0;
				PRODUCT_BUNDLE_IDENTIFIER = "edu.psu.jjh9.Do-It-Now";
				PRODUCT_NAME = "$(TARGET_NAME)";
				SWIFT_EMIT_LOC_STRINGS = YES;
				SWIFT_VERSION = 5.0;
				TARGETED_DEVICE_FAMILY = "1,2";
			};
			name = Release;
		};
/* End XCBuildConfiguration section */

/* Begin XCConfigurationList section */
		3BAEC640271472FC004DA2CC /* Build configuration list for PBXProject "Do It Now" */ = {
			isa = XCConfigurationList;
			buildConfigurations = (
				3BAEC651271472FE004DA2CC /* Debug */,
				3BAEC652271472FE004DA2CC /* Release */,
			);
			defaultConfigurationIsVisible = 0;
			defaultConfigurationName = Release;
		};
		3BAEC653271472FE004DA2CC /* Build configuration list for PBXNativeTarget "Do It Now" */ = {
			isa = XCConfigurationList;
			buildConfigurations = (
				3BAEC654271472FE004DA2CC /* Debug */,
				3BAEC655271472FE004DA2CC /* Release */,
			);
			defaultConfigurationIsVisible = 0;
			defaultConfigurationName = Release;
		};
/* End XCConfigurationList section */

/* Begin XCVersionGroup section */
		3B0B510D271F33D300810BCB /* DoItNow.xcdatamodeld */ = {
			isa = XCVersionGroup;
			children = (
				3B0B510E271F33D300810BCB /* DoItNow.xcdatamodel */,
			);
			currentVersion = 3B0B510E271F33D300810BCB /* DoItNow.xcdatamodel */;
			path = DoItNow.xcdatamodeld;
			sourceTree = "<group>";
			versionGroupType = wrapper.xcdatamodel;
		};
/* End XCVersionGroup section */
	};
	rootObject = 3BAEC63D271472FC004DA2CC /* Project object */;
}
