// !$*UTF8*$!
{
	archiveVersion = 1;
	classes = {
	};
	objectVersion = 55;
	objects = {

/* Begin PBXBuildFile section */
		3B54CDC5273EF886000DE31C /* RectanglesApp.swift in Sources */ = {isa = PBXBuildFile; fileRef = 3B54CDC4273EF886000DE31C /* RectanglesApp.swift */; };
		3B54CDC9273EF888000DE31C /* Assets.xcassets in Resources */ = {isa = PBXBuildFile; fileRef = 3B54CDC8273EF888000DE31C /* Assets.xcassets */; };
		3B54CDCC273EF888000DE31C /* Preview Assets.xcassets in Resources */ = {isa = PBXBuildFile; fileRef = 3B54CDCB273EF888000DE31C /* Preview Assets.xcassets */; };
		3B54CDD6273EF8C1000DE31C /* GameManager.swift in Sources */ = {isa = PBXBuildFile; fileRef = 3B54CDD5273EF8C1000DE31C /* GameManager.swift */; };
		3B54CDD8273EF8E8000DE31C /* GameView.swift in Sources */ = {isa = PBXBuildFile; fileRef = 3B54CDD7273EF8E8000DE31C /* GameView.swift */; };
		3B54CDDA273EF93C000DE31C /* BackgroundView.swift in Sources */ = {isa = PBXBuildFile; fileRef = 3B54CDD9273EF93C000DE31C /* BackgroundView.swift */; };
		3B54CDDC273EF9E3000DE31C /* GameShape.swift in Sources */ = {isa = PBXBuildFile; fileRef = 3B54CDDB273EF9E3000DE31C /* GameShape.swift */; };
		3B54CDDE273EFA7D000DE31C /* CG+Convenience.swift in Sources */ = {isa = PBXBuildFile; fileRef = 3B54CDDD273EFA7D000DE31C /* CG+Convenience.swift */; };
		3B54CE1527401E53000DE31C /* Point.swift in Sources */ = {isa = PBXBuildFile; fileRef = 3B54CE1427401E53000DE31C /* Point.swift */; };
		C324F6A427E0FC9100A15BD4 /* RectangleView.swift in Sources */ = {isa = PBXBuildFile; fileRef = C324F6A327E0FC9100A15BD4 /* RectangleView.swift */; };
		C324F6A627E0FFA700A15BD4 /* Outline.swift in Sources */ = {isa = PBXBuildFile; fileRef = C324F6A527E0FFA700A15BD4 /* Outline.swift */; };
		C34136E427DFECF300EADC31 /* BottomBar.swift in Sources */ = {isa = PBXBuildFile; fileRef = C34136E327DFECF300EADC31 /* BottomBar.swift */; };
/* End PBXBuildFile section */

/* Begin PBXFileReference section */
		3B54CDC1273EF886000DE31C /* Rectangles.app */ = {isa = PBXFileReference; explicitFileType = wrapper.application; includeInIndex = 0; path = Rectangles.app; sourceTree = BUILT_PRODUCTS_DIR; };
		3B54CDC4273EF886000DE31C /* RectanglesApp.swift */ = {isa = PBXFileReference; lastKnownFileType = sourcecode.swift; path = RectanglesApp.swift; sourceTree = "<group>"; };
		3B54CDC8273EF888000DE31C /* Assets.xcassets */ = {isa = PBXFileReference; lastKnownFileType = folder.assetcatalog; path = Assets.xcassets; sourceTree = "<group>"; };
		3B54CDCB273EF888000DE31C /* Preview Assets.xcassets */ = {isa = PBXFileReference; lastKnownFileType = folder.assetcatalog; path = "Preview Assets.xcassets"; sourceTree = "<group>"; };
		3B54CDD5273EF8C1000DE31C /* GameManager.swift */ = {isa = PBXFileReference; lastKnownFileType = sourcecode.swift; path = GameManager.swift; sourceTree = "<group>"; };
		3B54CDD7273EF8E8000DE31C /* GameView.swift */ = {isa = PBXFileReference; lastKnownFileType = sourcecode.swift; path = GameView.swift; sourceTree = "<group>"; };
		3B54CDD9273EF93C000DE31C /* BackgroundView.swift */ = {isa = PBXFileReference; lastKnownFileType = sourcecode.swift; path = BackgroundView.swift; sourceTree = "<group>"; };
		3B54CDDB273EF9E3000DE31C /* GameShape.swift */ = {isa = PBXFileReference; lastKnownFileType = sourcecode.swift; path = GameShape.swift; sourceTree = "<group>"; };
		3B54CDDD273EFA7D000DE31C /* CG+Convenience.swift */ = {isa = PBXFileReference; fileEncoding = 4; lastKnownFileType = sourcecode.swift; path = "CG+Convenience.swift"; sourceTree = "<group>"; };
		3B54CE1427401E53000DE31C /* Point.swift */ = {isa = PBXFileReference; lastKnownFileType = sourcecode.swift; path = Point.swift; sourceTree = "<group>"; };
		C324F6A327E0FC9100A15BD4 /* RectangleView.swift */ = {isa = PBXFileReference; lastKnownFileType = sourcecode.swift; path = RectangleView.swift; sourceTree = "<group>"; };
		C324F6A527E0FFA700A15BD4 /* Outline.swift */ = {isa = PBXFileReference; lastKnownFileType = sourcecode.swift; path = Outline.swift; sourceTree = "<group>"; };
		C34136E327DFECF300EADC31 /* BottomBar.swift */ = {isa = PBXFileReference; lastKnownFileType = sourcecode.swift; path = BottomBar.swift; sourceTree = "<group>"; };
/* End PBXFileReference section */

/* Begin PBXFrameworksBuildPhase section */
		3B54CDBE273EF886000DE31C /* Frameworks */ = {
			isa = PBXFrameworksBuildPhase;
			buildActionMask = 2147483647;
			files = (
			);
			runOnlyForDeploymentPostprocessing = 0;
		};
/* End PBXFrameworksBuildPhase section */

/* Begin PBXGroup section */
		3B54CDB8273EF886000DE31C = {
			isa = PBXGroup;
			children = (
				3B54CDC3273EF886000DE31C /* Rectangles */,
				3B54CDC2273EF886000DE31C /* Products */,
			);
			sourceTree = "<group>";
		};
		3B54CDC2273EF886000DE31C /* Products */ = {
			isa = PBXGroup;
			children = (
				3B54CDC1273EF886000DE31C /* Rectangles.app */,
			);
			name = Products;
			sourceTree = "<group>";
		};
		3B54CDC3273EF886000DE31C /* Rectangles */ = {
			isa = PBXGroup;
			children = (
				3B54CDC4273EF886000DE31C /* RectanglesApp.swift */,
				3B54CDD4273EF8B1000DE31C /* Models */,
				3B54CDD3273EF8A8000DE31C /* View Models */,
				3B54CDD2273EF8A1000DE31C /* Views */,
				3B54CDC8273EF888000DE31C /* Assets.xcassets */,
				3B54CDCA273EF888000DE31C /* Preview Content */,
			);
			path = Rectangles;
			sourceTree = "<group>";
		};
		3B54CDCA273EF888000DE31C /* Preview Content */ = {
			isa = PBXGroup;
			children = (
				3B54CDCB273EF888000DE31C /* Preview Assets.xcassets */,
			);
			path = "Preview Content";
			sourceTree = "<group>";
		};
		3B54CDD2273EF8A1000DE31C /* Views */ = {
			isa = PBXGroup;
			children = (
				3B54CDD7273EF8E8000DE31C /* GameView.swift */,
				3B54CDD9273EF93C000DE31C /* BackgroundView.swift */,
				C34136E327DFECF300EADC31 /* BottomBar.swift */,
				C324F6A327E0FC9100A15BD4 /* RectangleView.swift */,
				C324F6A527E0FFA700A15BD4 /* Outline.swift */,
			);
			path = Views;
			sourceTree = "<group>";
		};
		3B54CDD3273EF8A8000DE31C /* View Models */ = {
			isa = PBXGroup;
			children = (
				3B54CDD5273EF8C1000DE31C /* GameManager.swift */,
			);
			path = "View Models";
			sourceTree = "<group>";
		};
		3B54CDD4273EF8B1000DE31C /* Models */ = {
			isa = PBXGroup;
			children = (
				3B54CDDD273EFA7D000DE31C /* CG+Convenience.swift */,
				3B54CDDB273EF9E3000DE31C /* GameShape.swift */,
				3B54CE1427401E53000DE31C /* Point.swift */,
			);
			path = Models;
			sourceTree = "<group>";
		};
/* End PBXGroup section */

/* Begin PBXNativeTarget section */
		3B54CDC0273EF886000DE31C /* Rectangles */ = {
			isa = PBXNativeTarget;
			buildConfigurationList = 3B54CDCF273EF888000DE31C /* Build configuration list for PBXNativeTarget "Rectangles" */;
			buildPhases = (
				3B54CDBD273EF886000DE31C /* Sources */,
				3B54CDBE273EF886000DE31C /* Frameworks */,
				3B54CDBF273EF886000DE31C /* Resources */,
			);
			buildRules = (
			);
			dependencies = (
			);
			name = Rectangles;
			productName = Rectangles;
			productReference = 3B54CDC1273EF886000DE31C /* Rectangles.app */;
			productType = "com.apple.product-type.application";
		};
/* End PBXNativeTarget section */

/* Begin PBXProject section */
		3B54CDB9273EF886000DE31C /* Project object */ = {
			isa = PBXProject;
			attributes = {
				BuildIndependentTargetsInParallel = 1;
				LastSwiftUpdateCheck = 1310;
				LastUpgradeCheck = 1310;
				TargetAttributes = {
					3B54CDC0273EF886000DE31C = {
						CreatedOnToolsVersion = 13.1;
					};
				};
			};
			buildConfigurationList = 3B54CDBC273EF886000DE31C /* Build configuration list for PBXProject "Rectangles" */;
			compatibilityVersion = "Xcode 13.0";
			developmentRegion = en;
			hasScannedForEncodings = 0;
			knownRegions = (
				en,
				Base,
			);
			mainGroup = 3B54CDB8273EF886000DE31C;
			productRefGroup = 3B54CDC2273EF886000DE31C /* Products */;
			projectDirPath = "";
			projectRoot = "";
			targets = (
				3B54CDC0273EF886000DE31C /* Rectangles */,
			);
		};
/* End PBXProject section */

/* Begin PBXResourcesBuildPhase section */
		3B54CDBF273EF886000DE31C /* Resources */ = {
			isa = PBXResourcesBuildPhase;
			buildActionMask = 2147483647;
			files = (
				3B54CDCC273EF888000DE31C /* Preview Assets.xcassets in Resources */,
				3B54CDC9273EF888000DE31C /* Assets.xcassets in Resources */,
			);
			runOnlyForDeploymentPostprocessing = 0;
		};
/* End PBXResourcesBuildPhase section */

/* Begin PBXSourcesBuildPhase section */
		3B54CDBD273EF886000DE31C /* Sources */ = {
			isa = PBXSourcesBuildPhase;
			buildActionMask = 2147483647;
			files = (
				3B54CDC5273EF886000DE31C /* RectanglesApp.swift in Sources */,
				3B54CDDE273EFA7D000DE31C /* CG+Convenience.swift in Sources */,
				3B54CDD8273EF8E8000DE31C /* GameView.swift in Sources */,
				3B54CDDC273EF9E3000DE31C /* GameShape.swift in Sources */,
				C324F6A627E0FFA700A15BD4 /* Outline.swift in Sources */,
				C34136E427DFECF300EADC31 /* BottomBar.swift in Sources */,
				C324F6A427E0FC9100A15BD4 /* RectangleView.swift in Sources */,
				3B54CE1527401E53000DE31C /* Point.swift in Sources */,
				3B54CDDA273EF93C000DE31C /* BackgroundView.swift in Sources */,
				3B54CDD6273EF8C1000DE31C /* GameManager.swift in Sources */,
			);
			runOnlyForDeploymentPostprocessing = 0;
		};
/* End PBXSourcesBuildPhase section */

/* Begin XCBuildConfiguration section */
		3B54CDCD273EF888000DE31C /* Debug */ = {
			isa = XCBuildConfiguration;
			buildSettings = {
				ALWAYS_SEARCH_USER_PATHS = NO;
				CLANG_ANALYZER_NONNULL = YES;
				CLANG_ANALYZER_NUMBER_OBJECT_CONVERSION = YES_AGGRESSIVE;
				CLANG_CXX_LANGUAGE_STANDARD = "gnu++17";
				CLANG_CXX_LIBRARY = "libc++";
				CLANG_ENABLE_MODULES = YES;
				CLANG_ENABLE_OBJC_ARC = YES;
				CLANG_ENABLE_OBJC_WEAK = YES;
				CLANG_WARN_BLOCK_CAPTURE_AUTORELEASING = YES;
				CLANG_WARN_BOOL_CONVERSION = YES;
				CLANG_WARN_COMMA = YES;
				CLANG_WARN_CONSTANT_CONVERSION = YES;
				CLANG_WARN_DEPRECATED_OBJC_IMPLEMENTATIONS = YES;
				CLANG_WARN_DIRECT_OBJC_ISA_USAGE = YES_ERROR;
				CLANG_WARN_DOCUMENTATION_COMMENTS = YES;
				CLANG_WARN_EMPTY_BODY = YES;
				CLANG_WARN_ENUM_CONVERSION = YES;
				CLANG_WARN_INFINITE_RECURSION = YES;
				CLANG_WARN_INT_CONVERSION = YES;
				CLANG_WARN_NON_LITERAL_NULL_CONVERSION = YES;
				CLANG_WARN_OBJC_IMPLICIT_RETAIN_SELF = YES;
				CLANG_WARN_OBJC_LITERAL_CONVERSION = YES;
				CLANG_WARN_OBJC_ROOT_CLASS = YES_ERROR;
				CLANG_WARN_QUOTED_INCLUDE_IN_FRAMEWORK_HEADER = YES;
				CLANG_WARN_RANGE_LOOP_ANALYSIS = YES;
				CLANG_WARN_STRICT_PROTOTYPES = YES;
				CLANG_WARN_SUSPICIOUS_MOVE = YES;
				CLANG_WARN_UNGUARDED_AVAILABILITY = YES_AGGRESSIVE;
				CLANG_WARN_UNREACHABLE_CODE = YES;
				CLANG_WARN__DUPLICATE_METHOD_MATCH = YES;
				COPY_PHASE_STRIP = NO;
				DEBUG_INFORMATION_FORMAT = dwarf;
				ENABLE_STRICT_OBJC_MSGSEND = YES;
				ENABLE_TESTABILITY = YES;
				GCC_C_LANGUAGE_STANDARD = gnu11;
				GCC_DYNAMIC_NO_PIC = NO;
				GCC_NO_COMMON_BLOCKS = YES;
				GCC_OPTIMIZATION_LEVEL = 0;
				GCC_PREPROCESSOR_DEFINITIONS = (
					"DEBUG=1",
					"$(inherited)",
				);
				GCC_WARN_64_TO_32_BIT_CONVERSION = YES;
				GCC_WARN_ABOUT_RETURN_TYPE = YES_ERROR;
				GCC_WARN_UNDECLARED_SELECTOR = YES;
				GCC_WARN_UNINITIALIZED_AUTOS = YES_AGGRESSIVE;
				GCC_WARN_UNUSED_FUNCTION = YES;
				GCC_WARN_UNUSED_VARIABLE = YES;
				IPHONEOS_DEPLOYMENT_TARGET = 15.0;
				MTL_ENABLE_DEBUG_INFO = INCLUDE_SOURCE;
				MTL_FAST_MATH = YES;
				ONLY_ACTIVE_ARCH = YES;
				SDKROOT = iphoneos;
				SWIFT_ACTIVE_COMPILATION_CONDITIONS = DEBUG;
				SWIFT_OPTIMIZATION_LEVEL = "-Onone";
			};
			name = Debug;
		};
		3B54CDCE273EF888000DE31C /* Release */ = {
			isa = XCBuildConfiguration;
			buildSettings = {
				ALWAYS_SEARCH_USER_PATHS = NO;
				CLANG_ANALYZER_NONNULL = YES;
				CLANG_ANALYZER_NUMBER_OBJECT_CONVERSION = YES_AGGRESSIVE;
				CLANG_CXX_LANGUAGE_STANDARD = "gnu++17";
				CLANG_CXX_LIBRARY = "libc++";
				CLANG_ENABLE_MODULES = YES;
				CLANG_ENABLE_OBJC_ARC = YES;
				CLANG_ENABLE_OBJC_WEAK = YES;
				CLANG_WARN_BLOCK_CAPTURE_AUTORELEASING = YES;
				CLANG_WARN_BOOL_CONVERSION = YES;
				CLANG_WARN_COMMA = YES;
				CLANG_WARN_CONSTANT_CONVERSION = YES;
				CLANG_WARN_DEPRECATED_OBJC_IMPLEMENTATIONS = YES;
				CLANG_WARN_DIRECT_OBJC_ISA_USAGE = YES_ERROR;
				CLANG_WARN_DOCUMENTATION_COMMENTS = YES;
				CLANG_WARN_EMPTY_BODY = YES;
				CLANG_WARN_ENUM_CONVERSION = YES;
				CLANG_WARN_INFINITE_RECURSION = YES;
				CLANG_WARN_INT_CONVERSION = YES;
				CLANG_WARN_NON_LITERAL_NULL_CONVERSION = YES;
				CLANG_WARN_OBJC_IMPLICIT_RETAIN_SELF = YES;
				CLANG_WARN_OBJC_LITERAL_CONVERSION = YES;
				CLANG_WARN_OBJC_ROOT_CLASS = YES_ERROR;
				CLANG_WARN_QUOTED_INCLUDE_IN_FRAMEWORK_HEADER = YES;
				CLANG_WARN_RANGE_LOOP_ANALYSIS = YES;
				CLANG_WARN_STRICT_PROTOTYPES = YES;
				CLANG_WARN_SUSPICIOUS_MOVE = YES;
				CLANG_WARN_UNGUARDED_AVAILABILITY = YES_AGGRESSIVE;
				CLANG_WARN_UNREACHABLE_CODE = YES;
				CLANG_WARN__DUPLICATE_METHOD_MATCH = YES;
				COPY_PHASE_STRIP = NO;
				DEBUG_INFORMATION_FORMAT = "dwarf-with-dsym";
				ENABLE_NS_ASSERTIONS = NO;
				ENABLE_STRICT_OBJC_MSGSEND = YES;
				GCC_C_LANGUAGE_STANDARD = gnu11;
				GCC_NO_COMMON_BLOCKS = YES;
				GCC_WARN_64_TO_32_BIT_CONVERSION = YES;
				GCC_WARN_ABOUT_RETURN_TYPE = YES_ERROR;
				GCC_WARN_UNDECLARED_SELECTOR = YES;
				GCC_WARN_UNINITIALIZED_AUTOS = YES_AGGRESSIVE;
				GCC_WARN_UNUSED_FUNCTION = YES;
				GCC_WARN_UNUSED_VARIABLE = YES;
				IPHONEOS_DEPLOYMENT_TARGET = 15.0;
				MTL_ENABLE_DEBUG_INFO = NO;
				MTL_FAST_MATH = YES;
				SDKROOT = iphoneos;
				SWIFT_COMPILATION_MODE = wholemodule;
				SWIFT_OPTIMIZATION_LEVEL = "-O";
				VALIDATE_PRODUCT = YES;
			};
			name = Release;
		};
		3B54CDD0273EF888000DE31C /* Debug */ = {
			isa = XCBuildConfiguration;
			buildSettings = {
				ASSETCATALOG_COMPILER_APPICON_NAME = AppIcon;
				ASSETCATALOG_COMPILER_GLOBAL_ACCENT_COLOR_NAME = AccentColor;
				CODE_SIGN_STYLE = Automatic;
				CURRENT_PROJECT_VERSION = 1;
				DEVELOPMENT_ASSET_PATHS = "\"Rectangles/Preview Content\"";
				DEVELOPMENT_TEAM = 9QQAQWEZF8;
				ENABLE_PREVIEWS = YES;
				GENERATE_INFOPLIST_FILE = YES;
				INFOPLIST_KEY_UIApplicationSceneManifest_Generation = YES;
				INFOPLIST_KEY_UIApplicationSupportsIndirectInputEvents = YES;
				INFOPLIST_KEY_UILaunchScreen_Generation = YES;
				INFOPLIST_KEY_UISupportedInterfaceOrientations_iPad = "UIInterfaceOrientationPortrait UIInterfaceOrientationPortraitUpsideDown UIInterfaceOrientationLandscapeLeft UIInterfaceOrientationLandscapeRight";
				INFOPLIST_KEY_UISupportedInterfaceOrientations_iPhone = "UIInterfaceOrientationPortrait UIInterfaceOrientationLandscapeLeft UIInterfaceOrientationLandscapeRight";
				LD_RUNPATH_SEARCH_PATHS = (
					"$(inherited)",
					"@executable_path/Frameworks",
				);
				MARKETING_VERSION = 1.0;
				PRODUCT_BUNDLE_IDENTIFIER = edu.psu.jjh9.Rectangles;
				PRODUCT_NAME = "$(TARGET_NAME)";
				SWIFT_EMIT_LOC_STRINGS = YES;
				SWIFT_VERSION = 5.0;
				TARGETED_DEVICE_FAMILY = "1,2";
			};
			name = Debug;
		};
		3B54CDD1273EF888000DE31C /* Release */ = {
			isa = XCBuildConfiguration;
			buildSettings = {
				ASSETCATALOG_COMPILER_APPICON_NAME = AppIcon;
				ASSETCATALOG_COMPILER_GLOBAL_ACCENT_COLOR_NAME = AccentColor;
				CODE_SIGN_STYLE = Automatic;
				CURRENT_PROJECT_VERSION = 1;
				DEVELOPMENT_ASSET_PATHS = "\"Rectangles/Preview Content\"";
				DEVELOPMENT_TEAM = 9QQAQWEZF8;
				ENABLE_PREVIEWS = YES;
				GENERATE_INFOPLIST_FILE = YES;
				INFOPLIST_KEY_UIApplicationSceneManifest_Generation = YES;
				INFOPLIST_KEY_UIApplicationSupportsIndirectInputEvents = YES;
				INFOPLIST_KEY_UILaunchScreen_Generation = YES;
				INFOPLIST_KEY_UISupportedInterfaceOrientations_iPad = "UIInterfaceOrientationPortrait UIInterfaceOrientationPortraitUpsideDown UIInterfaceOrientationLandscapeLeft UIInterfaceOrientationLandscapeRight";
				INFOPLIST_KEY_UISupportedInterfaceOrientations_iPhone = "UIInterfaceOrientationPortrait UIInterfaceOrientationLandscapeLeft UIInterfaceOrientationLandscapeRight";
				LD_RUNPATH_SEARCH_PATHS = (
					"$(inherited)",
					"@executable_path/Frameworks",
				);
				MARKETING_VERSION = 1.0;
				PRODUCT_BUNDLE_IDENTIFIER = edu.psu.jjh9.Rectangles;
				PRODUCT_NAME = "$(TARGET_NAME)";
				SWIFT_EMIT_LOC_STRINGS = YES;
				SWIFT_VERSION = 5.0;
				TARGETED_DEVICE_FAMILY = "1,2";
			};
			name = Release;
		};
/* End XCBuildConfiguration section */

/* Begin XCConfigurationList section */
		3B54CDBC273EF886000DE31C /* Build configuration list for PBXProject "Rectangles" */ = {
			isa = XCConfigurationList;
			buildConfigurations = (
				3B54CDCD273EF888000DE31C /* Debug */,
				3B54CDCE273EF888000DE31C /* Release */,
			);
			defaultConfigurationIsVisible = 0;
			defaultConfigurationName = Release;
		};
		3B54CDCF273EF888000DE31C /* Build configuration list for PBXNativeTarget "Rectangles" */ = {
			isa = XCConfigurationList;
			buildConfigurations = (
				3B54CDD0273EF888000DE31C /* Debug */,
				3B54CDD1273EF888000DE31C /* Release */,
			);
			defaultConfigurationIsVisible = 0;
			defaultConfigurationName = Release;
		};
/* End XCConfigurationList section */
	};
	rootObject = 3B54CDB9273EF886000DE31C /* Project object */;
}
