// !$*UTF8*$!
{
	archiveVersion = 1;
	classes = {
	};
	objectVersion = 50;
	objects = {

/* Begin PBXBuildFile section */
		3B2CC8C926EE4D0F00D9B74F /* US_StatesApp.swift in Sources */ = {isa = PBXBuildFile; fileRef = 3B2CC8C826EE4D0F00D9B74F /* US_StatesApp.swift */; };
		3B2CC8CD26EE4D1000D9B74F /* Assets.xcassets in Resources */ = {isa = PBXBuildFile; fileRef = 3B2CC8CC26EE4D1000D9B74F /* Assets.xcassets */; };
		3B2CC8D026EE4D1000D9B74F /* Preview Assets.xcassets in Resources */ = {isa = PBXBuildFile; fileRef = 3B2CC8CF26EE4D1000D9B74F /* Preview Assets.xcassets */; };
		3B2CC8DC26EE4D7B00D9B74F /* HomeView.swift in Sources */ = {isa = PBXBuildFile; fileRef = 3B2CC8DB26EE4D7B00D9B74F /* HomeView.swift */; };
		3B2CC8DE26EE4DB400D9B74F /* USStateModel.swift in Sources */ = {isa = PBXBuildFile; fileRef = 3B2CC8DD26EE4DB400D9B74F /* USStateModel.swift */; };
		3B2CC8E026EE4E1100D9B74F /* USState.swift in Sources */ = {isa = PBXBuildFile; fileRef = 3B2CC8DF26EE4E1100D9B74F /* USState.swift */; };
		3B2CC8E226EE4E4100D9B74F /* StateManager.swift in Sources */ = {isa = PBXBuildFile; fileRef = 3B2CC8E126EE4E4100D9B74F /* StateManager.swift */; };
		3B3FF86F26EF7CBE0043A03F /* String+FirstLetter.swift in Sources */ = {isa = PBXBuildFile; fileRef = 3B3FF86E26EF7CBE0043A03F /* String+FirstLetter.swift */; };
		3B3FF87326EFBA250043A03F /* FileInfo.swift in Sources */ = {isa = PBXBuildFile; fileRef = 3B3FF87226EFBA250043A03F /* FileInfo.swift */; };
		3B3FF87726F0CF4A0043A03F /* StateListView.swift in Sources */ = {isa = PBXBuildFile; fileRef = 3B3FF87626F0CF4A0043A03F /* StateListView.swift */; };
		3B7F1B5926F10EB20078073D /* StateData.json in Resources */ = {isa = PBXBuildFile; fileRef = 3B7F1B5826F10EB20078073D /* StateData.json */; };
		3B7F1B5B26F10ED80078073D /* StorageManger.swift in Sources */ = {isa = PBXBuildFile; fileRef = 3B7F1B5A26F10ED80078073D /* StorageManger.swift */; };
		3B7F1B5D26F21ED00078073D /* USState+Decodable.swift in Sources */ = {isa = PBXBuildFile; fileRef = 3B7F1B5C26F21ED00078073D /* USState+Decodable.swift */; };
		3B7F1B5F26F221500078073D /* DetailView.swift in Sources */ = {isa = PBXBuildFile; fileRef = 3B7F1B5E26F221500078073D /* DetailView.swift */; };
/* End PBXBuildFile section */

/* Begin PBXFileReference section */
		3B2CC8C526EE4D0F00D9B74F /* US States.app */ = {isa = PBXFileReference; explicitFileType = wrapper.application; includeInIndex = 0; path = "US States.app"; sourceTree = BUILT_PRODUCTS_DIR; };
		3B2CC8C826EE4D0F00D9B74F /* US_StatesApp.swift */ = {isa = PBXFileReference; lastKnownFileType = sourcecode.swift; path = US_StatesApp.swift; sourceTree = "<group>"; };
		3B2CC8CC26EE4D1000D9B74F /* Assets.xcassets */ = {isa = PBXFileReference; lastKnownFileType = folder.assetcatalog; path = Assets.xcassets; sourceTree = "<group>"; };
		3B2CC8CF26EE4D1000D9B74F /* Preview Assets.xcassets */ = {isa = PBXFileReference; lastKnownFileType = folder.assetcatalog; path = "Preview Assets.xcassets"; sourceTree = "<group>"; };
		3B2CC8D126EE4D1000D9B74F /* Info.plist */ = {isa = PBXFileReference; lastKnownFileType = text.plist.xml; path = Info.plist; sourceTree = "<group>"; };
		3B2CC8DB26EE4D7B00D9B74F /* HomeView.swift */ = {isa = PBXFileReference; lastKnownFileType = sourcecode.swift; path = HomeView.swift; sourceTree = "<group>"; };
		3B2CC8DD26EE4DB400D9B74F /* USStateModel.swift */ = {isa = PBXFileReference; lastKnownFileType = sourcecode.swift; path = USStateModel.swift; sourceTree = "<group>"; };
		3B2CC8DF26EE4E1100D9B74F /* USState.swift */ = {isa = PBXFileReference; lastKnownFileType = sourcecode.swift; path = USState.swift; sourceTree = "<group>"; };
		3B2CC8E126EE4E4100D9B74F /* StateManager.swift */ = {isa = PBXFileReference; lastKnownFileType = sourcecode.swift; path = StateManager.swift; sourceTree = "<group>"; };
		3B3FF86E26EF7CBE0043A03F /* String+FirstLetter.swift */ = {isa = PBXFileReference; fileEncoding = 4; lastKnownFileType = sourcecode.swift; path = "String+FirstLetter.swift"; sourceTree = "<group>"; };
		3B3FF87226EFBA250043A03F /* FileInfo.swift */ = {isa = PBXFileReference; fileEncoding = 4; lastKnownFileType = sourcecode.swift; path = FileInfo.swift; sourceTree = "<group>"; };
		3B3FF87626F0CF4A0043A03F /* StateListView.swift */ = {isa = PBXFileReference; lastKnownFileType = sourcecode.swift; path = StateListView.swift; sourceTree = "<group>"; };
		3B7F1B5826F10EB20078073D /* StateData.json */ = {isa = PBXFileReference; fileEncoding = 4; lastKnownFileType = text.json; path = StateData.json; sourceTree = "<group>"; };
		3B7F1B5A26F10ED80078073D /* StorageManger.swift */ = {isa = PBXFileReference; lastKnownFileType = sourcecode.swift; path = StorageManger.swift; sourceTree = "<group>"; };
		3B7F1B5C26F21ED00078073D /* USState+Decodable.swift */ = {isa = PBXFileReference; lastKnownFileType = sourcecode.swift; path = "USState+Decodable.swift"; sourceTree = "<group>"; };
		3B7F1B5E26F221500078073D /* DetailView.swift */ = {isa = PBXFileReference; lastKnownFileType = sourcecode.swift; path = DetailView.swift; sourceTree = "<group>"; };
/* End PBXFileReference section */

/* Begin PBXFrameworksBuildPhase section */
		3B2CC8C226EE4D0F00D9B74F /* Frameworks */ = {
			isa = PBXFrameworksBuildPhase;
			buildActionMask = 2147483647;
			files = (
			);
			runOnlyForDeploymentPostprocessing = 0;
		};
/* End PBXFrameworksBuildPhase section */

/* Begin PBXGroup section */
		3B2CC8BC26EE4D0F00D9B74F = {
			isa = PBXGroup;
			children = (
				3B2CC8C726EE4D0F00D9B74F /* US States */,
				3B2CC8C626EE4D0F00D9B74F /* Products */,
			);
			sourceTree = "<group>";
		};
		3B2CC8C626EE4D0F00D9B74F /* Products */ = {
			isa = PBXGroup;
			children = (
				3B2CC8C526EE4D0F00D9B74F /* US States.app */,
			);
			name = Products;
			sourceTree = "<group>";
		};
		3B2CC8C726EE4D0F00D9B74F /* US States */ = {
			isa = PBXGroup;
			children = (
				3B2CC8DA26EE4D4200D9B74F /* Models */,
				3B2CC8D926EE4D3A00D9B74F /* View Models */,
				3B2CC8D826EE4D3500D9B74F /* Views */,
				3B2CC8D726EE4D2F00D9B74F /* Other */,
				3B2CC8CC26EE4D1000D9B74F /* Assets.xcassets */,
				3B2CC8D126EE4D1000D9B74F /* Info.plist */,
				3B2CC8CE26EE4D1000D9B74F /* Preview Content */,
			);
			path = "US States";
			sourceTree = "<group>";
		};
		3B2CC8CE26EE4D1000D9B74F /* Preview Content */ = {
			isa = PBXGroup;
			children = (
				3B2CC8CF26EE4D1000D9B74F /* Preview Assets.xcassets */,
			);
			path = "Preview Content";
			sourceTree = "<group>";
		};
		3B2CC8D726EE4D2F00D9B74F /* Other */ = {
			isa = PBXGroup;
			children = (
				3B2CC8C826EE4D0F00D9B74F /* US_StatesApp.swift */,
			);
			path = Other;
			sourceTree = "<group>";
		};
		3B2CC8D826EE4D3500D9B74F /* Views */ = {
			isa = PBXGroup;
			children = (
				3B2CC8DB26EE4D7B00D9B74F /* HomeView.swift */,
				3B3FF87626F0CF4A0043A03F /* StateListView.swift */,
				3B7F1B5E26F221500078073D /* DetailView.swift */,
			);
			path = Views;
			sourceTree = "<group>";
		};
		3B2CC8D926EE4D3A00D9B74F /* View Models */ = {
			isa = PBXGroup;
			children = (
				3B2CC8E126EE4E4100D9B74F /* StateManager.swift */,
			);
			path = "View Models";
			sourceTree = "<group>";
		};
		3B2CC8DA26EE4D4200D9B74F /* Models */ = {
			isa = PBXGroup;
			children = (
				3B2CC8DD26EE4DB400D9B74F /* USStateModel.swift */,
				3B2CC8DF26EE4E1100D9B74F /* USState.swift */,
				3B7F1B5A26F10ED80078073D /* StorageManger.swift */,
				3B7F1B5C26F21ED00078073D /* USState+Decodable.swift */,
				3B3FF87226EFBA250043A03F /* FileInfo.swift */,
				3B7F1B5826F10EB20078073D /* StateData.json */,
				3B3FF86E26EF7CBE0043A03F /* String+FirstLetter.swift */,
			);
			path = Models;
			sourceTree = "<group>";
		};
/* End PBXGroup section */

/* Begin PBXNativeTarget section */
		3B2CC8C426EE4D0F00D9B74F /* US States */ = {
			isa = PBXNativeTarget;
			buildConfigurationList = 3B2CC8D426EE4D1000D9B74F /* Build configuration list for PBXNativeTarget "US States" */;
			buildPhases = (
				3B2CC8C126EE4D0F00D9B74F /* Sources */,
				3B2CC8C226EE4D0F00D9B74F /* Frameworks */,
				3B2CC8C326EE4D0F00D9B74F /* Resources */,
			);
			buildRules = (
			);
			dependencies = (
			);
			name = "US States";
			productName = "US States";
			productReference = 3B2CC8C526EE4D0F00D9B74F /* US States.app */;
			productType = "com.apple.product-type.application";
		};
/* End PBXNativeTarget section */

/* Begin PBXProject section */
		3B2CC8BD26EE4D0F00D9B74F /* Project object */ = {
			isa = PBXProject;
			attributes = {
				LastSwiftUpdateCheck = 1250;
				LastUpgradeCheck = 1250;
				TargetAttributes = {
					3B2CC8C426EE4D0F00D9B74F = {
						CreatedOnToolsVersion = 12.5.1;
					};
				};
			};
			buildConfigurationList = 3B2CC8C026EE4D0F00D9B74F /* Build configuration list for PBXProject "US States" */;
			compatibilityVersion = "Xcode 9.3";
			developmentRegion = en;
			hasScannedForEncodings = 0;
			knownRegions = (
				en,
				Base,
			);
			mainGroup = 3B2CC8BC26EE4D0F00D9B74F;
			productRefGroup = 3B2CC8C626EE4D0F00D9B74F /* Products */;
			projectDirPath = "";
			projectRoot = "";
			targets = (
				3B2CC8C426EE4D0F00D9B74F /* US States */,
			);
		};
/* End PBXProject section */

/* Begin PBXResourcesBuildPhase section */
		3B2CC8C326EE4D0F00D9B74F /* Resources */ = {
			isa = PBXResourcesBuildPhase;
			buildActionMask = 2147483647;
			files = (
				3B7F1B5926F10EB20078073D /* StateData.json in Resources */,
				3B2CC8D026EE4D1000D9B74F /* Preview Assets.xcassets in Resources */,
				3B2CC8CD26EE4D1000D9B74F /* Assets.xcassets in Resources */,
			);
			runOnlyForDeploymentPostprocessing = 0;
		};
/* End PBXResourcesBuildPhase section */

/* Begin PBXSourcesBuildPhase section */
		3B2CC8C126EE4D0F00D9B74F /* Sources */ = {
			isa = PBXSourcesBuildPhase;
			buildActionMask = 2147483647;
			files = (
				3B2CC8DC26EE4D7B00D9B74F /* HomeView.swift in Sources */,
				3B2CC8E026EE4E1100D9B74F /* USState.swift in Sources */,
				3B2CC8DE26EE4DB400D9B74F /* USStateModel.swift in Sources */,
				3B3FF87326EFBA250043A03F /* FileInfo.swift in Sources */,
				3B3FF86F26EF7CBE0043A03F /* String+FirstLetter.swift in Sources */,
				3B7F1B5F26F221500078073D /* DetailView.swift in Sources */,
				3B7F1B5B26F10ED80078073D /* StorageManger.swift in Sources */,
				3B2CC8E226EE4E4100D9B74F /* StateManager.swift in Sources */,
				3B3FF87726F0CF4A0043A03F /* StateListView.swift in Sources */,
				3B2CC8C926EE4D0F00D9B74F /* US_StatesApp.swift in Sources */,
				3B7F1B5D26F21ED00078073D /* USState+Decodable.swift in Sources */,
			);
			runOnlyForDeploymentPostprocessing = 0;
		};
/* End PBXSourcesBuildPhase section */

/* Begin XCBuildConfiguration section */
		3B2CC8D226EE4D1000D9B74F /* Debug */ = {
			isa = XCBuildConfiguration;
			buildSettings = {
				ALWAYS_SEARCH_USER_PATHS = NO;
				CLANG_ANALYZER_NONNULL = YES;
				CLANG_ANALYZER_NUMBER_OBJECT_CONVERSION = YES_AGGRESSIVE;
				CLANG_CXX_LANGUAGE_STANDARD = "gnu++14";
				CLANG_CXX_LIBRARY = "libc++";
				CLANG_ENABLE_MODULES = YES;
				CLANG_ENABLE_OBJC_ARC = YES;
				CLANG_ENABLE_OBJC_WEAK = YES;
				CLANG_WARN_BLOCK_CAPTURE_AUTORELEASING = YES;
				CLANG_WARN_BOOL_CONVERSION = YES;
				CLANG_WARN_COMMA = YES;
				CLANG_WARN_CONSTANT_CONVERSION = YES;
				CLANG_WARN_DEPRECATED_OBJC_IMPLEMENTATIONS = YES;
				CLANG_WARN_DIRECT_OBJC_ISA_USAGE = YES_ERROR;
				CLANG_WARN_DOCUMENTATION_COMMENTS = YES;
				CLANG_WARN_EMPTY_BODY = YES;
				CLANG_WARN_ENUM_CONVERSION = YES;
				CLANG_WARN_INFINITE_RECURSION = YES;
				CLANG_WARN_INT_CONVERSION = YES;
				CLANG_WARN_NON_LITERAL_NULL_CONVERSION = YES;
				CLANG_WARN_OBJC_IMPLICIT_RETAIN_SELF = YES;
				CLANG_WARN_OBJC_LITERAL_CONVERSION = YES;
				CLANG_WARN_OBJC_ROOT_CLASS = YES_ERROR;
				CLANG_WARN_QUOTED_INCLUDE_IN_FRAMEWORK_HEADER = YES;
				CLANG_WARN_RANGE_LOOP_ANALYSIS = YES;
				CLANG_WARN_STRICT_PROTOTYPES = YES;
				CLANG_WARN_SUSPICIOUS_MOVE = YES;
				CLANG_WARN_UNGUARDED_AVAILABILITY = YES_AGGRESSIVE;
				CLANG_WARN_UNREACHABLE_CODE = YES;
				CLANG_WARN__DUPLICATE_METHOD_MATCH = YES;
				COPY_PHASE_STRIP = NO;
				DEBUG_INFORMATION_FORMAT = dwarf;
				ENABLE_STRICT_OBJC_MSGSEND = YES;
				ENABLE_TESTABILITY = YES;
				GCC_C_LANGUAGE_STANDARD = gnu11;
				GCC_DYNAMIC_NO_PIC = NO;
				GCC_NO_COMMON_BLOCKS = YES;
				GCC_OPTIMIZATION_LEVEL = 0;
				GCC_PREPROCESSOR_DEFINITIONS = (
					"DEBUG=1",
					"$(inherited)",
				);
				GCC_WARN_64_TO_32_BIT_CONVERSION = YES;
				GCC_WARN_ABOUT_RETURN_TYPE = YES_ERROR;
				GCC_WARN_UNDECLARED_SELECTOR = YES;
				GCC_WARN_UNINITIALIZED_AUTOS = YES_AGGRESSIVE;
				GCC_WARN_UNUSED_FUNCTION = YES;
				GCC_WARN_UNUSED_VARIABLE = YES;
				IPHONEOS_DEPLOYMENT_TARGET = 14.5;
				MTL_ENABLE_DEBUG_INFO = INCLUDE_SOURCE;
				MTL_FAST_MATH = YES;
				ONLY_ACTIVE_ARCH = YES;
				SDKROOT = iphoneos;
				SWIFT_ACTIVE_COMPILATION_CONDITIONS = DEBUG;
				SWIFT_OPTIMIZATION_LEVEL = "-Onone";
			};
			name = Debug;
		};
		3B2CC8D326EE4D1000D9B74F /* Release */ = {
			isa = XCBuildConfiguration;
			buildSettings = {
				ALWAYS_SEARCH_USER_PATHS = NO;
				CLANG_ANALYZER_NONNULL = YES;
				CLANG_ANALYZER_NUMBER_OBJECT_CONVERSION = YES_AGGRESSIVE;
				CLANG_CXX_LANGUAGE_STANDARD = "gnu++14";
				CLANG_CXX_LIBRARY = "libc++";
				CLANG_ENABLE_MODULES = YES;
				CLANG_ENABLE_OBJC_ARC = YES;
				CLANG_ENABLE_OBJC_WEAK = YES;
				CLANG_WARN_BLOCK_CAPTURE_AUTORELEASING = YES;
				CLANG_WARN_BOOL_CONVERSION = YES;
				CLANG_WARN_COMMA = YES;
				CLANG_WARN_CONSTANT_CONVERSION = YES;
				CLANG_WARN_DEPRECATED_OBJC_IMPLEMENTATIONS = YES;
				CLANG_WARN_DIRECT_OBJC_ISA_USAGE = YES_ERROR;
				CLANG_WARN_DOCUMENTATION_COMMENTS = YES;
				CLANG_WARN_EMPTY_BODY = YES;
				CLANG_WARN_ENUM_CONVERSION = YES;
				CLANG_WARN_INFINITE_RECURSION = YES;
				CLANG_WARN_INT_CONVERSION = YES;
				CLANG_WARN_NON_LITERAL_NULL_CONVERSION = YES;
				CLANG_WARN_OBJC_IMPLICIT_RETAIN_SELF = YES;
				CLANG_WARN_OBJC_LITERAL_CONVERSION = YES;
				CLANG_WARN_OBJC_ROOT_CLASS = YES_ERROR;
				CLANG_WARN_QUOTED_INCLUDE_IN_FRAMEWORK_HEADER = YES;
				CLANG_WARN_RANGE_LOOP_ANALYSIS = YES;
				CLANG_WARN_STRICT_PROTOTYPES = YES;
				CLANG_WARN_SUSPICIOUS_MOVE = YES;
				CLANG_WARN_UNGUARDED_AVAILABILITY = YES_AGGRESSIVE;
				CLANG_WARN_UNREACHABLE_CODE = YES;
				CLANG_WARN__DUPLICATE_METHOD_MATCH = YES;
				COPY_PHASE_STRIP = NO;
				DEBUG_INFORMATION_FORMAT = "dwarf-with-dsym";
				ENABLE_NS_ASSERTIONS = NO;
				ENABLE_STRICT_OBJC_MSGSEND = YES;
				GCC_C_LANGUAGE_STANDARD = gnu11;
				GCC_NO_COMMON_BLOCKS = YES;
				GCC_WARN_64_TO_32_BIT_CONVERSION = YES;
				GCC_WARN_ABOUT_RETURN_TYPE = YES_ERROR;
				GCC_WARN_UNDECLARED_SELECTOR = YES;
				GCC_WARN_UNINITIALIZED_AUTOS = YES_AGGRESSIVE;
				GCC_WARN_UNUSED_FUNCTION = YES;
				GCC_WARN_UNUSED_VARIABLE = YES;
				IPHONEOS_DEPLOYMENT_TARGET = 14.5;
				MTL_ENABLE_DEBUG_INFO = NO;
				MTL_FAST_MATH = YES;
				SDKROOT = iphoneos;
				SWIFT_COMPILATION_MODE = wholemodule;
				SWIFT_OPTIMIZATION_LEVEL = "-O";
				VALIDATE_PRODUCT = YES;
			};
			name = Release;
		};
		3B2CC8D526EE4D1000D9B74F /* Debug */ = {
			isa = XCBuildConfiguration;
			buildSettings = {
				ASSETCATALOG_COMPILER_APPICON_NAME = AppIcon;
				ASSETCATALOG_COMPILER_GLOBAL_ACCENT_COLOR_NAME = AccentColor;
				CODE_SIGN_STYLE = Automatic;
				DEVELOPMENT_ASSET_PATHS = "\"US States/Preview Content\"";
				DEVELOPMENT_TEAM = 9QQAQWEZF8;
				ENABLE_PREVIEWS = YES;
				INFOPLIST_FILE = "US States/Info.plist";
				IPHONEOS_DEPLOYMENT_TARGET = 14.0;
				LD_RUNPATH_SEARCH_PATHS = (
					"$(inherited)",
					"@executable_path/Frameworks",
				);
				PRODUCT_BUNDLE_IDENTIFIER = "edu.psu.jjh9.US-States";
				PRODUCT_NAME = "$(TARGET_NAME)";
				SWIFT_VERSION = 5.0;
				TARGETED_DEVICE_FAMILY = "1,2";
			};
			name = Debug;
		};
		3B2CC8D626EE4D1000D9B74F /* Release */ = {
			isa = XCBuildConfiguration;
			buildSettings = {
				ASSETCATALOG_COMPILER_APPICON_NAME = AppIcon;
				ASSETCATALOG_COMPILER_GLOBAL_ACCENT_COLOR_NAME = AccentColor;
				CODE_SIGN_STYLE = Automatic;
				DEVELOPMENT_ASSET_PATHS = "\"US States/Preview Content\"";
				DEVELOPMENT_TEAM = 9QQAQWEZF8;
				ENABLE_PREVIEWS = YES;
				INFOPLIST_FILE = "US States/Info.plist";
				IPHONEOS_DEPLOYMENT_TARGET = 14.0;
				LD_RUNPATH_SEARCH_PATHS = (
					"$(inherited)",
					"@executable_path/Frameworks",
				);
				PRODUCT_BUNDLE_IDENTIFIER = "edu.psu.jjh9.US-States";
				PRODUCT_NAME = "$(TARGET_NAME)";
				SWIFT_VERSION = 5.0;
				TARGETED_DEVICE_FAMILY = "1,2";
			};
			name = Release;
		};
/* End XCBuildConfiguration section */

/* Begin XCConfigurationList section */
		3B2CC8C026EE4D0F00D9B74F /* Build configuration list for PBXProject "US States" */ = {
			isa = XCConfigurationList;
			buildConfigurations = (
				3B2CC8D226EE4D1000D9B74F /* Debug */,
				3B2CC8D326EE4D1000D9B74F /* Release */,
			);
			defaultConfigurationIsVisible = 0;
			defaultConfigurationName = Release;
		};
		3B2CC8D426EE4D1000D9B74F /* Build configuration list for PBXNativeTarget "US States" */ = {
			isa = XCConfigurationList;
			buildConfigurations = (
				3B2CC8D526EE4D1000D9B74F /* Debug */,
				3B2CC8D626EE4D1000D9B74F /* Release */,
			);
			defaultConfigurationIsVisible = 0;
			defaultConfigurationName = Release;
		};
/* End XCConfigurationList section */
	};
	rootObject = 3B2CC8BD26EE4D0F00D9B74F /* Project object */;
}
