// !$*UTF8*$!
{
	archiveVersion = 1;
	classes = {
	};
	objectVersion = 54;
	objects = {

/* Begin PBXBuildFile section */
		3B6848E727024290008B935B /* Around_TownApp.swift in Sources */ = {isa = PBXBuildFile; fileRef = 3B6848E627024290008B935B /* Around_TownApp.swift */; };
		3B6848EB27024291008B935B /* Assets.xcassets in Resources */ = {isa = PBXBuildFile; fileRef = 3B6848EA27024291008B935B /* Assets.xcassets */; };
		3B6848EE27024291008B935B /* Preview Assets.xcassets in Resources */ = {isa = PBXBuildFile; fileRef = 3B6848ED27024291008B935B /* Preview Assets.xcassets */; };
		3B68490027024414008B935B /* Place.swift in Sources */ = {isa = PBXBuildFile; fileRef = 3B6848FF27024414008B935B /* Place.swift */; };
		3B68490227024424008B935B /* MapManager.swift in Sources */ = {isa = PBXBuildFile; fileRef = 3B68490127024424008B935B /* MapManager.swift */; };
		3B6849042702443E008B935B /* LocationModel.swift in Sources */ = {isa = PBXBuildFile; fileRef = 3B6849032702443E008B935B /* LocationModel.swift */; };
		3B6849062702445D008B935B /* Spot.swift in Sources */ = {isa = PBXBuildFile; fileRef = 3B6849052702445C008B935B /* Spot.swift */; };
		3B6849082702447A008B935B /* Category.swift in Sources */ = {isa = PBXBuildFile; fileRef = 3B6849072702447A008B935B /* Category.swift */; };
		3B68490A270244E4008B935B /* MainView.swift in Sources */ = {isa = PBXBuildFile; fileRef = 3B684909270244E4008B935B /* MainView.swift */; };
		3B68490C270244F3008B935B /* PlaceView.swift in Sources */ = {isa = PBXBuildFile; fileRef = 3B68490B270244F3008B935B /* PlaceView.swift */; };
		3B68490E2702450F008B935B /* SearchButton.swift in Sources */ = {isa = PBXBuildFile; fileRef = 3B68490D2702450F008B935B /* SearchButton.swift */; };
		3B68491027024521008B935B /* DowntownMap.swift in Sources */ = {isa = PBXBuildFile; fileRef = 3B68490F27024521008B935B /* DowntownMap.swift */; };
		C32E9AE927C537A900FC0394 /* SCWalk.gpx in Resources */ = {isa = PBXBuildFile; fileRef = C32E9AE727C537A900FC0394 /* SCWalk.gpx */; };
		C32E9AEA27C537A900FC0394 /* W209Westgate.gpx in Resources */ = {isa = PBXBuildFile; fileRef = C32E9AE827C537A900FC0394 /* W209Westgate.gpx */; };
		C32E9AED27C53A6D00FC0394 /* Restaurants.json in Resources */ = {isa = PBXBuildFile; fileRef = C32E9AEB27C53A6C00FC0394 /* Restaurants.json */; };
		C32E9AEE27C53A6D00FC0394 /* Restaurant.swift in Sources */ = {isa = PBXBuildFile; fileRef = C32E9AEC27C53A6C00FC0394 /* Restaurant.swift */; };
		C32E9AF027C53AE600FC0394 /* MapManager+CLLocation.swift in Sources */ = {isa = PBXBuildFile; fileRef = C32E9AEF27C53AE600FC0394 /* MapManager+CLLocation.swift */; };
		C3E334E027C7B77B00FE4166 /* DiningPicker.swift in Sources */ = {isa = PBXBuildFile; fileRef = C3E334DF27C7B77B00FE4166 /* DiningPicker.swift */; };
/* End PBXBuildFile section */

/* Begin PBXFileReference section */
		3B6848E327024290008B935B /* Around Town.app */ = {isa = PBXFileReference; explicitFileType = wrapper.application; includeInIndex = 0; path = "Around Town.app"; sourceTree = BUILT_PRODUCTS_DIR; };
		3B6848E627024290008B935B /* Around_TownApp.swift */ = {isa = PBXFileReference; lastKnownFileType = sourcecode.swift; path = Around_TownApp.swift; sourceTree = "<group>"; };
		3B6848EA27024291008B935B /* Assets.xcassets */ = {isa = PBXFileReference; lastKnownFileType = folder.assetcatalog; path = Assets.xcassets; sourceTree = "<group>"; };
		3B6848ED27024291008B935B /* Preview Assets.xcassets */ = {isa = PBXFileReference; lastKnownFileType = folder.assetcatalog; path = "Preview Assets.xcassets"; sourceTree = "<group>"; };
		3B6848FF27024414008B935B /* Place.swift */ = {isa = PBXFileReference; fileEncoding = 4; lastKnownFileType = sourcecode.swift; path = Place.swift; sourceTree = "<group>"; };
		3B68490127024424008B935B /* MapManager.swift */ = {isa = PBXFileReference; fileEncoding = 4; lastKnownFileType = sourcecode.swift; path = MapManager.swift; sourceTree = "<group>"; };
		3B6849032702443E008B935B /* LocationModel.swift */ = {isa = PBXFileReference; fileEncoding = 4; lastKnownFileType = sourcecode.swift; path = LocationModel.swift; sourceTree = "<group>"; };
		3B6849052702445C008B935B /* Spot.swift */ = {isa = PBXFileReference; fileEncoding = 4; lastKnownFileType = sourcecode.swift; path = Spot.swift; sourceTree = "<group>"; };
		3B6849072702447A008B935B /* Category.swift */ = {isa = PBXFileReference; fileEncoding = 4; lastKnownFileType = sourcecode.swift; path = Category.swift; sourceTree = "<group>"; };
		3B684909270244E4008B935B /* MainView.swift */ = {isa = PBXFileReference; fileEncoding = 4; lastKnownFileType = sourcecode.swift; path = MainView.swift; sourceTree = "<group>"; };
		3B68490B270244F3008B935B /* PlaceView.swift */ = {isa = PBXFileReference; fileEncoding = 4; lastKnownFileType = sourcecode.swift; path = PlaceView.swift; sourceTree = "<group>"; };
		3B68490D2702450F008B935B /* SearchButton.swift */ = {isa = PBXFileReference; fileEncoding = 4; lastKnownFileType = sourcecode.swift; path = SearchButton.swift; sourceTree = "<group>"; };
		3B68490F27024521008B935B /* DowntownMap.swift */ = {isa = PBXFileReference; fileEncoding = 4; lastKnownFileType = sourcecode.swift; path = DowntownMap.swift; sourceTree = "<group>"; };
		C32E9AE727C537A900FC0394 /* SCWalk.gpx */ = {isa = PBXFileReference; fileEncoding = 4; lastKnownFileType = text.xml; path = SCWalk.gpx; sourceTree = "<group>"; };
		C32E9AE827C537A900FC0394 /* W209Westgate.gpx */ = {isa = PBXFileReference; fileEncoding = 4; lastKnownFileType = text.xml; path = W209Westgate.gpx; sourceTree = "<group>"; };
		C32E9AEB27C53A6C00FC0394 /* Restaurants.json */ = {isa = PBXFileReference; fileEncoding = 4; lastKnownFileType = text.json; path = Restaurants.json; sourceTree = "<group>"; };
		C32E9AEC27C53A6C00FC0394 /* Restaurant.swift */ = {isa = PBXFileReference; fileEncoding = 4; lastKnownFileType = sourcecode.swift; path = Restaurant.swift; sourceTree = "<group>"; };
		C32E9AEF27C53AE600FC0394 /* MapManager+CLLocation.swift */ = {isa = PBXFileReference; lastKnownFileType = sourcecode.swift; path = "MapManager+CLLocation.swift"; sourceTree = "<group>"; };
		C3E334DF27C7B77B00FE4166 /* DiningPicker.swift */ = {isa = PBXFileReference; lastKnownFileType = sourcecode.swift; path = DiningPicker.swift; sourceTree = "<group>"; };
/* End PBXFileReference section */

/* Begin PBXFrameworksBuildPhase section */
		3B6848E027024290008B935B /* Frameworks */ = {
			isa = PBXFrameworksBuildPhase;
			buildActionMask = 2147483647;
			files = (
			);
			runOnlyForDeploymentPostprocessing = 0;
		};
/* End PBXFrameworksBuildPhase section */

/* Begin PBXGroup section */
		3B6848DA27024290008B935B = {
			isa = PBXGroup;
			children = (
				3B6848E527024290008B935B /* Around Town */,
				3B6848E427024290008B935B /* Products */,
			);
			sourceTree = "<group>";
		};
		3B6848E427024290008B935B /* Products */ = {
			isa = PBXGroup;
			children = (
				3B6848E327024290008B935B /* Around Town.app */,
			);
			name = Products;
			sourceTree = "<group>";
		};
		3B6848E527024290008B935B /* Around Town */ = {
			isa = PBXGroup;
			children = (
				C32E9AE627C5378C00FC0394 /* Locations */,
				3B6848F6270242F7008B935B /* Models */,
				3B6848F5270242EE008B935B /* View Models */,
				3B6848F4270242E5008B935B /* Views */,
				3B6848E627024290008B935B /* Around_TownApp.swift */,
				3B6848EA27024291008B935B /* Assets.xcassets */,
				3B6848EC27024291008B935B /* Preview Content */,
			);
			path = "Around Town";
			sourceTree = "<group>";
		};
		3B6848EC27024291008B935B /* Preview Content */ = {
			isa = PBXGroup;
			children = (
				3B6848ED27024291008B935B /* Preview Assets.xcassets */,
			);
			path = "Preview Content";
			sourceTree = "<group>";
		};
		3B6848F4270242E5008B935B /* Views */ = {
			isa = PBXGroup;
			children = (
				3B684909270244E4008B935B /* MainView.swift */,
				3B68490F27024521008B935B /* DowntownMap.swift */,
				3B68490D2702450F008B935B /* SearchButton.swift */,
				3B68490B270244F3008B935B /* PlaceView.swift */,
				C3E334DF27C7B77B00FE4166 /* DiningPicker.swift */,
			);
			path = Views;
			sourceTree = "<group>";
		};
		3B6848F5270242EE008B935B /* View Models */ = {
			isa = PBXGroup;
			children = (
				3B68490127024424008B935B /* MapManager.swift */,
				3B6848FF27024414008B935B /* Place.swift */,
				3B6849072702447A008B935B /* Category.swift */,
				C32E9AEF27C53AE600FC0394 /* MapManager+CLLocation.swift */,
			);
			path = "View Models";
			sourceTree = "<group>";
		};
		3B6848F6270242F7008B935B /* Models */ = {
			isa = PBXGroup;
			children = (
				C32E9AEC27C53A6C00FC0394 /* Restaurant.swift */,
				C32E9AEB27C53A6C00FC0394 /* Restaurants.json */,
				3B6849032702443E008B935B /* LocationModel.swift */,
				3B6849052702445C008B935B /* Spot.swift */,
			);
			path = Models;
			sourceTree = "<group>";
		};
		C32E9AE627C5378C00FC0394 /* Locations */ = {
			isa = PBXGroup;
			children = (
				C32E9AE727C537A900FC0394 /* SCWalk.gpx */,
				C32E9AE827C537A900FC0394 /* W209Westgate.gpx */,
			);
			path = Locations;
			sourceTree = "<group>";
		};
/* End PBXGroup section */

/* Begin PBXNativeTarget section */
		3B6848E227024290008B935B /* Around Town */ = {
			isa = PBXNativeTarget;
			buildConfigurationList = 3B6848F127024291008B935B /* Build configuration list for PBXNativeTarget "Around Town" */;
			buildPhases = (
				3B6848DF27024290008B935B /* Sources */,
				3B6848E027024290008B935B /* Frameworks */,
				3B6848E127024290008B935B /* Resources */,
			);
			buildRules = (
			);
			dependencies = (
			);
			name = "Around Town";
			productName = "Around Town";
			productReference = 3B6848E327024290008B935B /* Around Town.app */;
			productType = "com.apple.product-type.application";
		};
/* End PBXNativeTarget section */

/* Begin PBXProject section */
		3B6848DB27024290008B935B /* Project object */ = {
			isa = PBXProject;
			attributes = {
				BuildIndependentTargetsInParallel = 1;
				LastSwiftUpdateCheck = 1300;
				LastUpgradeCheck = 1300;
				TargetAttributes = {
					3B6848E227024290008B935B = {
						CreatedOnToolsVersion = 13.0;
					};
				};
			};
			buildConfigurationList = 3B6848DE27024290008B935B /* Build configuration list for PBXProject "Around Town" */;
			compatibilityVersion = "Xcode 12.0";
			developmentRegion = en;
			hasScannedForEncodings = 0;
			knownRegions = (
				en,
				Base,
			);
			mainGroup = 3B6848DA27024290008B935B;
			productRefGroup = 3B6848E427024290008B935B /* Products */;
			projectDirPath = "";
			projectRoot = "";
			targets = (
				3B6848E227024290008B935B /* Around Town */,
			);
		};
/* End PBXProject section */

/* Begin PBXResourcesBuildPhase section */
		3B6848E127024290008B935B /* Resources */ = {
			isa = PBXResourcesBuildPhase;
			buildActionMask = 2147483647;
			files = (
				C32E9AE927C537A900FC0394 /* SCWalk.gpx in Resources */,
				C32E9AED27C53A6D00FC0394 /* Restaurants.json in Resources */,
				3B6848EE27024291008B935B /* Preview Assets.xcassets in Resources */,
				3B6848EB27024291008B935B /* Assets.xcassets in Resources */,
				C32E9AEA27C537A900FC0394 /* W209Westgate.gpx in Resources */,
			);
			runOnlyForDeploymentPostprocessing = 0;
		};
/* End PBXResourcesBuildPhase section */

/* Begin PBXSourcesBuildPhase section */
		3B6848DF27024290008B935B /* Sources */ = {
			isa = PBXSourcesBuildPhase;
			buildActionMask = 2147483647;
			files = (
				C32E9AEE27C53A6D00FC0394 /* Restaurant.swift in Sources */,
				3B68490227024424008B935B /* MapManager.swift in Sources */,
				3B68490A270244E4008B935B /* MainView.swift in Sources */,
				3B6849062702445D008B935B /* Spot.swift in Sources */,
				3B6848E727024290008B935B /* Around_TownApp.swift in Sources */,
				3B68490E2702450F008B935B /* SearchButton.swift in Sources */,
				3B6849042702443E008B935B /* LocationModel.swift in Sources */,
				3B68490027024414008B935B /* Place.swift in Sources */,
				3B68491027024521008B935B /* DowntownMap.swift in Sources */,
				C3E334E027C7B77B00FE4166 /* DiningPicker.swift in Sources */,
				3B6849082702447A008B935B /* Category.swift in Sources */,
				C32E9AF027C53AE600FC0394 /* MapManager+CLLocation.swift in Sources */,
				3B68490C270244F3008B935B /* PlaceView.swift in Sources */,
			);
			runOnlyForDeploymentPostprocessing = 0;
		};
/* End PBXSourcesBuildPhase section */

/* Begin XCBuildConfiguration section */
		3B6848EF27024291008B935B /* Debug */ = {
			isa = XCBuildConfiguration;
			buildSettings = {
				ALWAYS_SEARCH_USER_PATHS = NO;
				CLANG_ANALYZER_NONNULL = YES;
				CLANG_ANALYZER_NUMBER_OBJECT_CONVERSION = YES_AGGRESSIVE;
				CLANG_CXX_LANGUAGE_STANDARD = "gnu++17";
				CLANG_CXX_LIBRARY = "libc++";
				CLANG_ENABLE_MODULES = YES;
				CLANG_ENABLE_OBJC_ARC = YES;
				CLANG_ENABLE_OBJC_WEAK = YES;
				CLANG_WARN_BLOCK_CAPTURE_AUTORELEASING = YES;
				CLANG_WARN_BOOL_CONVERSION = YES;
				CLANG_WARN_COMMA = YES;
				CLANG_WARN_CONSTANT_CONVERSION = YES;
				CLANG_WARN_DEPRECATED_OBJC_IMPLEMENTATIONS = YES;
				CLANG_WARN_DIRECT_OBJC_ISA_USAGE = YES_ERROR;
				CLANG_WARN_DOCUMENTATION_COMMENTS = YES;
				CLANG_WARN_EMPTY_BODY = YES;
				CLANG_WARN_ENUM_CONVERSION = YES;
				CLANG_WARN_INFINITE_RECURSION = YES;
				CLANG_WARN_INT_CONVERSION = YES;
				CLANG_WARN_NON_LITERAL_NULL_CONVERSION = YES;
				CLANG_WARN_OBJC_IMPLICIT_RETAIN_SELF = YES;
				CLANG_WARN_OBJC_LITERAL_CONVERSION = YES;
				CLANG_WARN_OBJC_ROOT_CLASS = YES_ERROR;
				CLANG_WARN_QUOTED_INCLUDE_IN_FRAMEWORK_HEADER = YES;
				CLANG_WARN_RANGE_LOOP_ANALYSIS = YES;
				CLANG_WARN_STRICT_PROTOTYPES = YES;
				CLANG_WARN_SUSPICIOUS_MOVE = YES;
				CLANG_WARN_UNGUARDED_AVAILABILITY = YES_AGGRESSIVE;
				CLANG_WARN_UNREACHABLE_CODE = YES;
				CLANG_WARN__DUPLICATE_METHOD_MATCH = YES;
				COPY_PHASE_STRIP = NO;
				DEBUG_INFORMATION_FORMAT = dwarf;
				ENABLE_STRICT_OBJC_MSGSEND = YES;
				ENABLE_TESTABILITY = YES;
				GCC_C_LANGUAGE_STANDARD = gnu11;
				GCC_DYNAMIC_NO_PIC = NO;
				GCC_NO_COMMON_BLOCKS = YES;
				GCC_OPTIMIZATION_LEVEL = 0;
				GCC_PREPROCESSOR_DEFINITIONS = (
					"DEBUG=1",
					"$(inherited)",
				);
				GCC_WARN_64_TO_32_BIT_CONVERSION = YES;
				GCC_WARN_ABOUT_RETURN_TYPE = YES_ERROR;
				GCC_WARN_UNDECLARED_SELECTOR = YES;
				GCC_WARN_UNINITIALIZED_AUTOS = YES_AGGRESSIVE;
				GCC_WARN_UNUSED_FUNCTION = YES;
				GCC_WARN_UNUSED_VARIABLE = YES;
				IPHONEOS_DEPLOYMENT_TARGET = 15.0;
				MTL_ENABLE_DEBUG_INFO = INCLUDE_SOURCE;
				MTL_FAST_MATH = YES;
				ONLY_ACTIVE_ARCH = YES;
				SDKROOT = iphoneos;
				SWIFT_ACTIVE_COMPILATION_CONDITIONS = DEBUG;
				SWIFT_OPTIMIZATION_LEVEL = "-Onone";
			};
			name = Debug;
		};
		3B6848F027024291008B935B /* Release */ = {
			isa = XCBuildConfiguration;
			buildSettings = {
				ALWAYS_SEARCH_USER_PATHS = NO;
				CLANG_ANALYZER_NONNULL = YES;
				CLANG_ANALYZER_NUMBER_OBJECT_CONVERSION = YES_AGGRESSIVE;
				CLANG_CXX_LANGUAGE_STANDARD = "gnu++17";
				CLANG_CXX_LIBRARY = "libc++";
				CLANG_ENABLE_MODULES = YES;
				CLANG_ENABLE_OBJC_ARC = YES;
				CLANG_ENABLE_OBJC_WEAK = YES;
				CLANG_WARN_BLOCK_CAPTURE_AUTORELEASING = YES;
				CLANG_WARN_BOOL_CONVERSION = YES;
				CLANG_WARN_COMMA = YES;
				CLANG_WARN_CONSTANT_CONVERSION = YES;
				CLANG_WARN_DEPRECATED_OBJC_IMPLEMENTATIONS = YES;
				CLANG_WARN_DIRECT_OBJC_ISA_USAGE = YES_ERROR;
				CLANG_WARN_DOCUMENTATION_COMMENTS = YES;
				CLANG_WARN_EMPTY_BODY = YES;
				CLANG_WARN_ENUM_CONVERSION = YES;
				CLANG_WARN_INFINITE_RECURSION = YES;
				CLANG_WARN_INT_CONVERSION = YES;
				CLANG_WARN_NON_LITERAL_NULL_CONVERSION = YES;
				CLANG_WARN_OBJC_IMPLICIT_RETAIN_SELF = YES;
				CLANG_WARN_OBJC_LITERAL_CONVERSION = YES;
				CLANG_WARN_OBJC_ROOT_CLASS = YES_ERROR;
				CLANG_WARN_QUOTED_INCLUDE_IN_FRAMEWORK_HEADER = YES;
				CLANG_WARN_RANGE_LOOP_ANALYSIS = YES;
				CLANG_WARN_STRICT_PROTOTYPES = YES;
				CLANG_WARN_SUSPICIOUS_MOVE = YES;
				CLANG_WARN_UNGUARDED_AVAILABILITY = YES_AGGRESSIVE;
				CLANG_WARN_UNREACHABLE_CODE = YES;
				CLANG_WARN__DUPLICATE_METHOD_MATCH = YES;
				COPY_PHASE_STRIP = NO;
				DEBUG_INFORMATION_FORMAT = "dwarf-with-dsym";
				ENABLE_NS_ASSERTIONS = NO;
				ENABLE_STRICT_OBJC_MSGSEND = YES;
				GCC_C_LANGUAGE_STANDARD = gnu11;
				GCC_NO_COMMON_BLOCKS = YES;
				GCC_WARN_64_TO_32_BIT_CONVERSION = YES;
				GCC_WARN_ABOUT_RETURN_TYPE = YES_ERROR;
				GCC_WARN_UNDECLARED_SELECTOR = YES;
				GCC_WARN_UNINITIALIZED_AUTOS = YES_AGGRESSIVE;
				GCC_WARN_UNUSED_FUNCTION = YES;
				GCC_WARN_UNUSED_VARIABLE = YES;
				IPHONEOS_DEPLOYMENT_TARGET = 15.0;
				MTL_ENABLE_DEBUG_INFO = NO;
				MTL_FAST_MATH = YES;
				SDKROOT = iphoneos;
				SWIFT_COMPILATION_MODE = wholemodule;
				SWIFT_OPTIMIZATION_LEVEL = "-O";
				VALIDATE_PRODUCT = YES;
			};
			name = Release;
		};
		3B6848F227024291008B935B /* Debug */ = {
			isa = XCBuildConfiguration;
			buildSettings = {
				ASSETCATALOG_COMPILER_APPICON_NAME = AppIcon;
				ASSETCATALOG_COMPILER_GLOBAL_ACCENT_COLOR_NAME = AccentColor;
				CODE_SIGN_STYLE = Automatic;
				CURRENT_PROJECT_VERSION = 1;
				DEVELOPMENT_ASSET_PATHS = "\"Around Town/Preview Content\"";
				DEVELOPMENT_TEAM = 9QQAQWEZF8;
				ENABLE_PREVIEWS = YES;
				GENERATE_INFOPLIST_FILE = YES;
				INFOPLIST_KEY_NSLocationAlwaysAndWhenInUseUsageDescription = "\"We want to track you\"";
				INFOPLIST_KEY_NSLocationWhenInUseUsageDescription = "\"We want to track you\"";
				INFOPLIST_KEY_UIApplicationSceneManifest_Generation = YES;
				INFOPLIST_KEY_UIApplicationSupportsIndirectInputEvents = YES;
				INFOPLIST_KEY_UILaunchScreen_Generation = YES;
				INFOPLIST_KEY_UISupportedInterfaceOrientations_iPad = "UIInterfaceOrientationPortrait UIInterfaceOrientationPortraitUpsideDown UIInterfaceOrientationLandscapeLeft UIInterfaceOrientationLandscapeRight";
				INFOPLIST_KEY_UISupportedInterfaceOrientations_iPhone = "UIInterfaceOrientationPortrait UIInterfaceOrientationLandscapeLeft UIInterfaceOrientationLandscapeRight";
				IPHONEOS_DEPLOYMENT_TARGET = 15.0;
				LD_RUNPATH_SEARCH_PATHS = (
					"$(inherited)",
					"@executable_path/Frameworks",
				);
				MARKETING_VERSION = 1.0;
				PRODUCT_BUNDLE_IDENTIFIER = "edu.psu.jjh9.Around-Town";
				PRODUCT_NAME = "$(TARGET_NAME)";
				SWIFT_EMIT_LOC_STRINGS = YES;
				SWIFT_VERSION = 5.0;
				TARGETED_DEVICE_FAMILY = "1,2";
			};
			name = Debug;
		};
		3B6848F327024291008B935B /* Release */ = {
			isa = XCBuildConfiguration;
			buildSettings = {
				ASSETCATALOG_COMPILER_APPICON_NAME = AppIcon;
				ASSETCATALOG_COMPILER_GLOBAL_ACCENT_COLOR_NAME = AccentColor;
				CODE_SIGN_STYLE = Automatic;
				CURRENT_PROJECT_VERSION = 1;
				DEVELOPMENT_ASSET_PATHS = "\"Around Town/Preview Content\"";
				DEVELOPMENT_TEAM = 9QQAQWEZF8;
				ENABLE_PREVIEWS = YES;
				GENERATE_INFOPLIST_FILE = YES;
				INFOPLIST_KEY_NSLocationAlwaysAndWhenInUseUsageDescription = "\"We want to track you\"";
				INFOPLIST_KEY_NSLocationWhenInUseUsageDescription = "\"We want to track you\"";
				INFOPLIST_KEY_UIApplicationSceneManifest_Generation = YES;
				INFOPLIST_KEY_UIApplicationSupportsIndirectInputEvents = YES;
				INFOPLIST_KEY_UILaunchScreen_Generation = YES;
				INFOPLIST_KEY_UISupportedInterfaceOrientations_iPad = "UIInterfaceOrientationPortrait UIInterfaceOrientationPortraitUpsideDown UIInterfaceOrientationLandscapeLeft UIInterfaceOrientationLandscapeRight";
				INFOPLIST_KEY_UISupportedInterfaceOrientations_iPhone = "UIInterfaceOrientationPortrait UIInterfaceOrientationLandscapeLeft UIInterfaceOrientationLandscapeRight";
				IPHONEOS_DEPLOYMENT_TARGET = 15.0;
				LD_RUNPATH_SEARCH_PATHS = (
					"$(inherited)",
					"@executable_path/Frameworks",
				);
				MARKETING_VERSION = 1.0;
				PRODUCT_BUNDLE_IDENTIFIER = "edu.psu.jjh9.Around-Town";
				PRODUCT_NAME = "$(TARGET_NAME)";
				SWIFT_EMIT_LOC_STRINGS = YES;
				SWIFT_VERSION = 5.0;
				TARGETED_DEVICE_FAMILY = "1,2";
			};
			name = Release;
		};
/* End XCBuildConfiguration section */

/* Begin XCConfigurationList section */
		3B6848DE27024290008B935B /* Build configuration list for PBXProject "Around Town" */ = {
			isa = XCConfigurationList;
			buildConfigurations = (
				3B6848EF27024291008B935B /* Debug */,
				3B6848F027024291008B935B /* Release */,
			);
			defaultConfigurationIsVisible = 0;
			defaultConfigurationName = Release;
		};
		3B6848F127024291008B935B /* Build configuration list for PBXNativeTarget "Around Town" */ = {
			isa = XCConfigurationList;
			buildConfigurations = (
				3B6848F227024291008B935B /* Debug */,
				3B6848F327024291008B935B /* Release */,
			);
			defaultConfigurationIsVisible = 0;
			defaultConfigurationName = Release;
		};
/* End XCConfigurationList section */
	};
	rootObject = 3B6848DB27024290008B935B /* Project object */;
}
