// !$*UTF8*$!
{
	archiveVersion = 1;
	classes = {
	};
	objectVersion = 55;
	objects = {

/* Begin PBXBuildFile section */
		C324F6C027E3509200A15BD4 /* iDrawingApp.swift in Sources */ = {isa = PBXBuildFile; fileRef = C324F6BF27E3509200A15BD4 /* iDrawingApp.swift */; };
		C324F6C227E3509200A15BD4 /* ContentView.swift in Sources */ = {isa = PBXBuildFile; fileRef = C324F6C127E3509200A15BD4 /* ContentView.swift */; };
		C324F6C427E3509900A15BD4 /* Assets.xcassets in Resources */ = {isa = PBXBuildFile; fileRef = C324F6C327E3509900A15BD4 /* Assets.xcassets */; };
		C324F6C727E3509900A15BD4 /* Preview Assets.xcassets in Resources */ = {isa = PBXBuildFile; fileRef = C324F6C627E3509900A15BD4 /* Preview Assets.xcassets */; };
		C324F6D327E350F300A15BD4 /* Shape.swift in Sources */ = {isa = PBXBuildFile; fileRef = C324F6D227E350F300A15BD4 /* Shape.swift */; };
		C324F6D527E351EE00A15BD4 /* ArtboardManager.swift in Sources */ = {isa = PBXBuildFile; fileRef = C324F6D427E351EE00A15BD4 /* ArtboardManager.swift */; };
		C324F6D727E3522000A15BD4 /* ArtboardView.swift in Sources */ = {isa = PBXBuildFile; fileRef = C324F6D627E3522000A15BD4 /* ArtboardView.swift */; };
/* End PBXBuildFile section */

/* Begin PBXFileReference section */
		C324F6BC27E3509200A15BD4 /* iDrawing.app */ = {isa = PBXFileReference; explicitFileType = wrapper.application; includeInIndex = 0; path = iDrawing.app; sourceTree = BUILT_PRODUCTS_DIR; };
		C324F6BF27E3509200A15BD4 /* iDrawingApp.swift */ = {isa = PBXFileReference; lastKnownFileType = sourcecode.swift; path = iDrawingApp.swift; sourceTree = "<group>"; };
		C324F6C127E3509200A15BD4 /* ContentView.swift */ = {isa = PBXFileReference; lastKnownFileType = sourcecode.swift; path = ContentView.swift; sourceTree = "<group>"; };
		C324F6C327E3509900A15BD4 /* Assets.xcassets */ = {isa = PBXFileReference; lastKnownFileType = folder.assetcatalog; path = Assets.xcassets; sourceTree = "<group>"; };
		C324F6C627E3509900A15BD4 /* Preview Assets.xcassets */ = {isa = PBXFileReference; lastKnownFileType = folder.assetcatalog; path = "Preview Assets.xcassets"; sourceTree = "<group>"; };
		C324F6D227E350F300A15BD4 /* Shape.swift */ = {isa = PBXFileReference; lastKnownFileType = sourcecode.swift; path = Shape.swift; sourceTree = "<group>"; };
		C324F6D427E351EE00A15BD4 /* ArtboardManager.swift */ = {isa = PBXFileReference; lastKnownFileType = sourcecode.swift; path = ArtboardManager.swift; sourceTree = "<group>"; };
		C324F6D627E3522000A15BD4 /* ArtboardView.swift */ = {isa = PBXFileReference; lastKnownFileType = sourcecode.swift; path = ArtboardView.swift; sourceTree = "<group>"; };
/* End PBXFileReference section */

/* Begin PBXFrameworksBuildPhase section */
		C324F6B927E3509200A15BD4 /* Frameworks */ = {
			isa = PBXFrameworksBuildPhase;
			buildActionMask = 2147483647;
			files = (
			);
			runOnlyForDeploymentPostprocessing = 0;
		};
/* End PBXFrameworksBuildPhase section */

/* Begin PBXGroup section */
		C324F6B327E3509200A15BD4 = {
			isa = PBXGroup;
			children = (
				C324F6BE27E3509200A15BD4 /* iDrawing */,
				C324F6BD27E3509200A15BD4 /* Products */,
			);
			sourceTree = "<group>";
		};
		C324F6BD27E3509200A15BD4 /* Products */ = {
			isa = PBXGroup;
			children = (
				C324F6BC27E3509200A15BD4 /* iDrawing.app */,
			);
			name = Products;
			sourceTree = "<group>";
		};
		C324F6BE27E3509200A15BD4 /* iDrawing */ = {
			isa = PBXGroup;
			children = (
				C324F6CD27E350A300A15BD4 /* Model */,
				C324F6CE27E350A900A15BD4 /* ViewModel */,
				C324F6D127E350C000A15BD4 /* Views */,
				C324F6BF27E3509200A15BD4 /* iDrawingApp.swift */,
				C324F6C327E3509900A15BD4 /* Assets.xcassets */,
				C324F6C527E3509900A15BD4 /* Preview Content */,
			);
			path = iDrawing;
			sourceTree = "<group>";
		};
		C324F6C527E3509900A15BD4 /* Preview Content */ = {
			isa = PBXGroup;
			children = (
				C324F6C627E3509900A15BD4 /* Preview Assets.xcassets */,
			);
			path = "Preview Content";
			sourceTree = "<group>";
		};
		C324F6CD27E350A300A15BD4 /* Model */ = {
			isa = PBXGroup;
			children = (
				C324F6D227E350F300A15BD4 /* Shape.swift */,
			);
			path = Model;
			sourceTree = "<group>";
		};
		C324F6CE27E350A900A15BD4 /* ViewModel */ = {
			isa = PBXGroup;
			children = (
				C324F6D427E351EE00A15BD4 /* ArtboardManager.swift */,
			);
			path = ViewModel;
			sourceTree = "<group>";
		};
		C324F6D127E350C000A15BD4 /* Views */ = {
			isa = PBXGroup;
			children = (
				C324F6C127E3509200A15BD4 /* ContentView.swift */,
				C324F6D627E3522000A15BD4 /* ArtboardView.swift */,
			);
			path = Views;
			sourceTree = "<group>";
		};
/* End PBXGroup section */

/* Begin PBXNativeTarget section */
		C324F6BB27E3509200A15BD4 /* iDrawing */ = {
			isa = PBXNativeTarget;
			buildConfigurationList = C324F6CA27E3509900A15BD4 /* Build configuration list for PBXNativeTarget "iDrawing" */;
			buildPhases = (
				C324F6B827E3509200A15BD4 /* Sources */,
				C324F6B927E3509200A15BD4 /* Frameworks */,
				C324F6BA27E3509200A15BD4 /* Resources */,
			);
			buildRules = (
			);
			dependencies = (
			);
			name = iDrawing;
			productName = iDrawing;
			productReference = C324F6BC27E3509200A15BD4 /* iDrawing.app */;
			productType = "com.apple.product-type.application";
		};
/* End PBXNativeTarget section */

/* Begin PBXProject section */
		C324F6B427E3509200A15BD4 /* Project object */ = {
			isa = PBXProject;
			attributes = {
				BuildIndependentTargetsInParallel = 1;
				LastSwiftUpdateCheck = 1320;
				LastUpgradeCheck = 1320;
				TargetAttributes = {
					C324F6BB27E3509200A15BD4 = {
						CreatedOnToolsVersion = 13.2.1;
					};
				};
			};
			buildConfigurationList = C324F6B727E3509200A15BD4 /* Build configuration list for PBXProject "iDrawing" */;
			compatibilityVersion = "Xcode 13.0";
			developmentRegion = en;
			hasScannedForEncodings = 0;
			knownRegions = (
				en,
				Base,
			);
			mainGroup = C324F6B327E3509200A15BD4;
			productRefGroup = C324F6BD27E3509200A15BD4 /* Products */;
			projectDirPath = "";
			projectRoot = "";
			targets = (
				C324F6BB27E3509200A15BD4 /* iDrawing */,
			);
		};
/* End PBXProject section */

/* Begin PBXResourcesBuildPhase section */
		C324F6BA27E3509200A15BD4 /* Resources */ = {
			isa = PBXResourcesBuildPhase;
			buildActionMask = 2147483647;
			files = (
				C324F6C727E3509900A15BD4 /* Preview Assets.xcassets in Resources */,
				C324F6C427E3509900A15BD4 /* Assets.xcassets in Resources */,
			);
			runOnlyForDeploymentPostprocessing = 0;
		};
/* End PBXResourcesBuildPhase section */

/* Begin PBXSourcesBuildPhase section */
		C324F6B827E3509200A15BD4 /* Sources */ = {
			isa = PBXSourcesBuildPhase;
			buildActionMask = 2147483647;
			files = (
				C324F6C227E3509200A15BD4 /* ContentView.swift in Sources */,
				C324F6D727E3522000A15BD4 /* ArtboardView.swift in Sources */,
				C324F6D327E350F300A15BD4 /* Shape.swift in Sources */,
				C324F6D527E351EE00A15BD4 /* ArtboardManager.swift in Sources */,
				C324F6C027E3509200A15BD4 /* iDrawingApp.swift in Sources */,
			);
			runOnlyForDeploymentPostprocessing = 0;
		};
/* End PBXSourcesBuildPhase section */

/* Begin XCBuildConfiguration section */
		C324F6C827E3509900A15BD4 /* Debug */ = {
			isa = XCBuildConfiguration;
			buildSettings = {
				ALWAYS_SEARCH_USER_PATHS = NO;
				CLANG_ANALYZER_NONNULL = YES;
				CLANG_ANALYZER_NUMBER_OBJECT_CONVERSION = YES_AGGRESSIVE;
				CLANG_CXX_LANGUAGE_STANDARD = "gnu++17";
				CLANG_CXX_LIBRARY = "libc++";
				CLANG_ENABLE_MODULES = YES;
				CLANG_ENABLE_OBJC_ARC = YES;
				CLANG_ENABLE_OBJC_WEAK = YES;
				CLANG_WARN_BLOCK_CAPTURE_AUTORELEASING = YES;
				CLANG_WARN_BOOL_CONVERSION = YES;
				CLANG_WARN_COMMA = YES;
				CLANG_WARN_CONSTANT_CONVERSION = YES;
				CLANG_WARN_DEPRECATED_OBJC_IMPLEMENTATIONS = YES;
				CLANG_WARN_DIRECT_OBJC_ISA_USAGE = YES_ERROR;
				CLANG_WARN_DOCUMENTATION_COMMENTS = YES;
				CLANG_WARN_EMPTY_BODY = YES;
				CLANG_WARN_ENUM_CONVERSION = YES;
				CLANG_WARN_INFINITE_RECURSION = YES;
				CLANG_WARN_INT_CONVERSION = YES;
				CLANG_WARN_NON_LITERAL_NULL_CONVERSION = YES;
				CLANG_WARN_OBJC_IMPLICIT_RETAIN_SELF = YES;
				CLANG_WARN_OBJC_LITERAL_CONVERSION = YES;
				CLANG_WARN_OBJC_ROOT_CLASS = YES_ERROR;
				CLANG_WARN_QUOTED_INCLUDE_IN_FRAMEWORK_HEADER = YES;
				CLANG_WARN_RANGE_LOOP_ANALYSIS = YES;
				CLANG_WARN_STRICT_PROTOTYPES = YES;
				CLANG_WARN_SUSPICIOUS_MOVE = YES;
				CLANG_WARN_UNGUARDED_AVAILABILITY = YES_AGGRESSIVE;
				CLANG_WARN_UNREACHABLE_CODE = YES;
				CLANG_WARN__DUPLICATE_METHOD_MATCH = YES;
				COPY_PHASE_STRIP = NO;
				DEBUG_INFORMATION_FORMAT = dwarf;
				ENABLE_STRICT_OBJC_MSGSEND = YES;
				ENABLE_TESTABILITY = YES;
				GCC_C_LANGUAGE_STANDARD = gnu11;
				GCC_DYNAMIC_NO_PIC = NO;
				GCC_NO_COMMON_BLOCKS = YES;
				GCC_OPTIMIZATION_LEVEL = 0;
				GCC_PREPROCESSOR_DEFINITIONS = (
					"DEBUG=1",
					"$(inherited)",
				);
				GCC_WARN_64_TO_32_BIT_CONVERSION = YES;
				GCC_WARN_ABOUT_RETURN_TYPE = YES_ERROR;
				GCC_WARN_UNDECLARED_SELECTOR = YES;
				GCC_WARN_UNINITIALIZED_AUTOS = YES_AGGRESSIVE;
				GCC_WARN_UNUSED_FUNCTION = YES;
				GCC_WARN_UNUSED_VARIABLE = YES;
				IPHONEOS_DEPLOYMENT_TARGET = 15.2;
				MTL_ENABLE_DEBUG_INFO = INCLUDE_SOURCE;
				MTL_FAST_MATH = YES;
				ONLY_ACTIVE_ARCH = YES;
				SDKROOT = iphoneos;
				SWIFT_ACTIVE_COMPILATION_CONDITIONS = DEBUG;
				SWIFT_OPTIMIZATION_LEVEL = "-Onone";
			};
			name = Debug;
		};
		C324F6C927E3509900A15BD4 /* Release */ = {
			isa = XCBuildConfiguration;
			buildSettings = {
				ALWAYS_SEARCH_USER_PATHS = NO;
				CLANG_ANALYZER_NONNULL = YES;
				CLANG_ANALYZER_NUMBER_OBJECT_CONVERSION = YES_AGGRESSIVE;
				CLANG_CXX_LANGUAGE_STANDARD = "gnu++17";
				CLANG_CXX_LIBRARY = "libc++";
				CLANG_ENABLE_MODULES = YES;
				CLANG_ENABLE_OBJC_ARC = YES;
				CLANG_ENABLE_OBJC_WEAK = YES;
				CLANG_WARN_BLOCK_CAPTURE_AUTORELEASING = YES;
				CLANG_WARN_BOOL_CONVERSION = YES;
				CLANG_WARN_COMMA = YES;
				CLANG_WARN_CONSTANT_CONVERSION = YES;
				CLANG_WARN_DEPRECATED_OBJC_IMPLEMENTATIONS = YES;
				CLANG_WARN_DIRECT_OBJC_ISA_USAGE = YES_ERROR;
				CLANG_WARN_DOCUMENTATION_COMMENTS = YES;
				CLANG_WARN_EMPTY_BODY = YES;
				CLANG_WARN_ENUM_CONVERSION = YES;
				CLANG_WARN_INFINITE_RECURSION = YES;
				CLANG_WARN_INT_CONVERSION = YES;
				CLANG_WARN_NON_LITERAL_NULL_CONVERSION = YES;
				CLANG_WARN_OBJC_IMPLICIT_RETAIN_SELF = YES;
				CLANG_WARN_OBJC_LITERAL_CONVERSION = YES;
				CLANG_WARN_OBJC_ROOT_CLASS = YES_ERROR;
				CLANG_WARN_QUOTED_INCLUDE_IN_FRAMEWORK_HEADER = YES;
				CLANG_WARN_RANGE_LOOP_ANALYSIS = YES;
				CLANG_WARN_STRICT_PROTOTYPES = YES;
				CLANG_WARN_SUSPICIOUS_MOVE = YES;
				CLANG_WARN_UNGUARDED_AVAILABILITY = YES_AGGRESSIVE;
				CLANG_WARN_UNREACHABLE_CODE = YES;
				CLANG_WARN__DUPLICATE_METHOD_MATCH = YES;
				COPY_PHASE_STRIP = NO;
				DEBUG_INFORMATION_FORMAT = "dwarf-with-dsym";
				ENABLE_NS_ASSERTIONS = NO;
				ENABLE_STRICT_OBJC_MSGSEND = YES;
				GCC_C_LANGUAGE_STANDARD = gnu11;
				GCC_NO_COMMON_BLOCKS = YES;
				GCC_WARN_64_TO_32_BIT_CONVERSION = YES;
				GCC_WARN_ABOUT_RETURN_TYPE = YES_ERROR;
				GCC_WARN_UNDECLARED_SELECTOR = YES;
				GCC_WARN_UNINITIALIZED_AUTOS = YES_AGGRESSIVE;
				GCC_WARN_UNUSED_FUNCTION = YES;
				GCC_WARN_UNUSED_VARIABLE = YES;
				IPHONEOS_DEPLOYMENT_TARGET = 15.2;
				MTL_ENABLE_DEBUG_INFO = NO;
				MTL_FAST_MATH = YES;
				SDKROOT = iphoneos;
				SWIFT_COMPILATION_MODE = wholemodule;
				SWIFT_OPTIMIZATION_LEVEL = "-O";
				VALIDATE_PRODUCT = YES;
			};
			name = Release;
		};
		C324F6CB27E3509900A15BD4 /* Debug */ = {
			isa = XCBuildConfiguration;
			buildSettings = {
				ASSETCATALOG_COMPILER_APPICON_NAME = AppIcon;
				ASSETCATALOG_COMPILER_GLOBAL_ACCENT_COLOR_NAME = AccentColor;
				CODE_SIGN_STYLE = Automatic;
				CURRENT_PROJECT_VERSION = 1;
				DEVELOPMENT_ASSET_PATHS = "\"iDrawing/Preview Content\"";
				DEVELOPMENT_TEAM = JP74RZ3MMY;
				ENABLE_PREVIEWS = YES;
				GENERATE_INFOPLIST_FILE = YES;
				INFOPLIST_KEY_UIApplicationSceneManifest_Generation = YES;
				INFOPLIST_KEY_UIApplicationSupportsIndirectInputEvents = YES;
				INFOPLIST_KEY_UILaunchScreen_Generation = YES;
				INFOPLIST_KEY_UISupportedInterfaceOrientations_iPad = "UIInterfaceOrientationPortrait UIInterfaceOrientationPortraitUpsideDown UIInterfaceOrientationLandscapeLeft UIInterfaceOrientationLandscapeRight";
				INFOPLIST_KEY_UISupportedInterfaceOrientations_iPhone = "UIInterfaceOrientationPortrait UIInterfaceOrientationLandscapeLeft UIInterfaceOrientationLandscapeRight";
				LD_RUNPATH_SEARCH_PATHS = (
					"$(inherited)",
					"@executable_path/Frameworks",
				);
				MARKETING_VERSION = 1.0;
				PRODUCT_BUNDLE_IDENTIFIER = com.naderalfares.iDrawing;
				PRODUCT_NAME = "$(TARGET_NAME)";
				SWIFT_EMIT_LOC_STRINGS = YES;
				SWIFT_VERSION = 5.0;
				TARGETED_DEVICE_FAMILY = "1,2";
			};
			name = Debug;
		};
		C324F6CC27E3509900A15BD4 /* Release */ = {
			isa = XCBuildConfiguration;
			buildSettings = {
				ASSETCATALOG_COMPILER_APPICON_NAME = AppIcon;
				ASSETCATALOG_COMPILER_GLOBAL_ACCENT_COLOR_NAME = AccentColor;
				CODE_SIGN_STYLE = Automatic;
				CURRENT_PROJECT_VERSION = 1;
				DEVELOPMENT_ASSET_PATHS = "\"iDrawing/Preview Content\"";
				DEVELOPMENT_TEAM = JP74RZ3MMY;
				ENABLE_PREVIEWS = YES;
				GENERATE_INFOPLIST_FILE = YES;
				INFOPLIST_KEY_UIApplicationSceneManifest_Generation = YES;
				INFOPLIST_KEY_UIApplicationSupportsIndirectInputEvents = YES;
				INFOPLIST_KEY_UILaunchScreen_Generation = YES;
				INFOPLIST_KEY_UISupportedInterfaceOrientations_iPad = "UIInterfaceOrientationPortrait UIInterfaceOrientationPortraitUpsideDown UIInterfaceOrientationLandscapeLeft UIInterfaceOrientationLandscapeRight";
				INFOPLIST_KEY_UISupportedInterfaceOrientations_iPhone = "UIInterfaceOrientationPortrait UIInterfaceOrientationLandscapeLeft UIInterfaceOrientationLandscapeRight";
				LD_RUNPATH_SEARCH_PATHS = (
					"$(inherited)",
					"@executable_path/Frameworks",
				);
				MARKETING_VERSION = 1.0;
				PRODUCT_BUNDLE_IDENTIFIER = com.naderalfares.iDrawing;
				PRODUCT_NAME = "$(TARGET_NAME)";
				SWIFT_EMIT_LOC_STRINGS = YES;
				SWIFT_VERSION = 5.0;
				TARGETED_DEVICE_FAMILY = "1,2";
			};
			name = Release;
		};
/* End XCBuildConfiguration section */

/* Begin XCConfigurationList section */
		C324F6B727E3509200A15BD4 /* Build configuration list for PBXProject "iDrawing" */ = {
			isa = XCConfigurationList;
			buildConfigurations = (
				C324F6C827E3509900A15BD4 /* Debug */,
				C324F6C927E3509900A15BD4 /* Release */,
			);
			defaultConfigurationIsVisible = 0;
			defaultConfigurationName = Release;
		};
		C324F6CA27E3509900A15BD4 /* Build configuration list for PBXNativeTarget "iDrawing" */ = {
			isa = XCConfigurationList;
			buildConfigurations = (
				C324F6CB27E3509900A15BD4 /* Debug */,
				C324F6CC27E3509900A15BD4 /* Release */,
			);
			defaultConfigurationIsVisible = 0;
			defaultConfigurationName = Release;
		};
/* End XCConfigurationList section */
	};
	rootObject = C324F6B427E3509200A15BD4 /* Project object */;
}
